// !$*UTF8*$!
{
	archiveVersion = 1;
	classes = {
	};
	objectVersion = 46;
	objects = {

/* Begin PBXBuildFile section */
		4B0FC7F61EDFD06A003CACD5 /* MicrophoneController.m in Sources */ = {isa = PBXBuildFile; fileRef = 4B0FC7F51EDFD06A003CACD5 /* MicrophoneController.m */; };
		4B0FC7F91EE1CC6A003CACD5 /* MicrophoneKeepAlive.m in Sources */ = {isa = PBXBuildFile; fileRef = 4B0FC7F81EE1CC6A003CACD5 /* MicrophoneKeepAlive.m */; };
		4B0FC7FF1EE5E365003CACD5 /* SerialPortDevice.m in Sources */ = {isa = PBXBuildFile; fileRef = 4B0FC7FE1EE5E365003CACD5 /* SerialPortDevice.m */; };
		4B2567061EBCC0D000BCE2B8 /* Resources in Resources */ = {isa = PBXBuildFile; fileRef = 4B2567051EBCC0D000BCE2B8 /* Resources */; };
		4B2FD1F621A60CB8009FA1A0 /* MultiChannelAudioTrackMixer.m in Sources */ = {isa = PBXBuildFile; fileRef = 4B2FD1F021A60CB7009FA1A0 /* MultiChannelAudioTrackMixer.m */; };
		4B2FD1F721A60CB8009FA1A0 /* SandboxFileManager.m in Sources */ = {isa = PBXBuildFile; fileRef = 4B2FD1F221A60CB7009FA1A0 /* SandboxFileManager.m */; };
		4B2FD1F821A60CB8009FA1A0 /* VideoViewController.m in Sources */ = {isa = PBXBuildFile; fileRef = 4B2FD1F321A60CB7009FA1A0 /* VideoViewController.m */; };
		4B2FD1F921A60CB8009FA1A0 /* VideoViewController.xib in Resources */ = {isa = PBXBuildFile; fileRef = 4B2FD1F421A60CB8009FA1A0 /* VideoViewController.xib */; };
		4B2FD1FB21A60D1D009FA1A0 /* Accelerate.framework in Frameworks */ = {isa = PBXBuildFile; fileRef = 4B2FD1FA21A60D1D009FA1A0 /* Accelerate.framework */; };
		4B2FD1FE21A60D28009FA1A0 /* AVFoundation.framework in Frameworks */ = {isa = PBXBuildFile; fileRef = 4B2FD1FC21A60D28009FA1A0 /* AVFoundation.framework */; };
		4B2FD1FF21A60D28009FA1A0 /* AVKit.framework in Frameworks */ = {isa = PBXBuildFile; fileRef = 4B2FD1FD21A60D28009FA1A0 /* AVKit.framework */; };
		4B2FD20121A60D30009FA1A0 /* AudioToolbox.framework in Frameworks */ = {isa = PBXBuildFile; fileRef = 4B2FD20021A60D30009FA1A0 /* AudioToolbox.framework */; };
		4B2FD20321A60D38009FA1A0 /* AudioUnit.framework in Frameworks */ = {isa = PBXBuildFile; fileRef = 4B2FD20221A60D38009FA1A0 /* AudioUnit.framework */; };
		4B2FD20521A60D48009FA1A0 /* IOKit.framework in Frameworks */ = {isa = PBXBuildFile; fileRef = 4B2FD20421A60D48009FA1A0 /* IOKit.framework */; };
		4B2FD20721A60D51009FA1A0 /* Cocoa.framework in Frameworks */ = {isa = PBXBuildFile; fileRef = 4B2FD20621A60D51009FA1A0 /* Cocoa.framework */; };
		4B2FD20921A62EE4009FA1A0 /* VideoWindowController.m in Sources */ = {isa = PBXBuildFile; fileRef = 4B2FD20821A62EE4009FA1A0 /* VideoWindowController.m */; };
		4B3B91431EC3545A005C0A1A /* SerialPortHandler.m in Sources */ = {isa = PBXBuildFile; fileRef = 4B3B91421EC3545A005C0A1A /* SerialPortHandler.m */; };
		4B3B91471EC362DB005C0A1A /* SceneViewController.m in Sources */ = {isa = PBXBuildFile; fileRef = 4B3B91451EC362DB005C0A1A /* SceneViewController.m */; };
		4B3B91481EC362DB005C0A1A /* SceneViewController.xib in Resources */ = {isa = PBXBuildFile; fileRef = 4B3B91461EC362DB005C0A1A /* SceneViewController.xib */; };
		4B3B914C1EC4056C005C0A1A /* ToolViewController.m in Sources */ = {isa = PBXBuildFile; fileRef = 4B3B914A1EC4056C005C0A1A /* ToolViewController.m */; };
		4B3B914D1EC4056C005C0A1A /* ToolViewController.xib in Resources */ = {isa = PBXBuildFile; fileRef = 4B3B914B1EC4056C005C0A1A /* ToolViewController.xib */; };
		4B3B91511EC4058F005C0A1A /* SideBarViewController.m in Sources */ = {isa = PBXBuildFile; fileRef = 4B3B914F1EC4058F005C0A1A /* SideBarViewController.m */; };
		4B3B91521EC4058F005C0A1A /* SideBarViewController.xib in Resources */ = {isa = PBXBuildFile; fileRef = 4B3B91501EC4058F005C0A1A /* SideBarViewController.xib */; };
		4B4DE56C1EE66D3F000C9635 /* MockDevice.m in Sources */ = {isa = PBXBuildFile; fileRef = 4B4DE56B1EE66D3F000C9635 /* MockDevice.m */; };
		4B4DE5721EECB54E000C9635 /* Shape.m in Sources */ = {isa = PBXBuildFile; fileRef = 4B4DE5711EECB3F6000C9635 /* Shape.m */; };
		4B4DE5741EECB73D000C9635 /* MicrophoneControlPanel.xib in Resources */ = {isa = PBXBuildFile; fileRef = 4B4DE5731EECB73D000C9635 /* MicrophoneControlPanel.xib */; };
		4B4DE5771EECB781000C9635 /* MicrophoneControlPanelViewController.m in Sources */ = {isa = PBXBuildFile; fileRef = 4B4DE5761EECB781000C9635 /* MicrophoneControlPanelViewController.m */; };
		4B4DE57D1EF498A1000C9635 /* FieldShapeAdapter.m in Sources */ = {isa = PBXBuildFile; fileRef = 4B4DE57C1EF498A1000C9635 /* FieldShapeAdapter.m */; };
		4B4DE5801EF4A45D000C9635 /* SimulationController.m in Sources */ = {isa = PBXBuildFile; fileRef = 4B4DE57F1EF4A45D000C9635 /* SimulationController.m */; };
		4B4DE5841EF4B624000C9635 /* BodyControlPanel.m in Sources */ = {isa = PBXBuildFile; fileRef = 4B4DE5821EF4B624000C9635 /* BodyControlPanel.m */; };
		4B4DE5851EF4B624000C9635 /* BodyControlPanel.xib in Resources */ = {isa = PBXBuildFile; fileRef = 4B4DE5831EF4B624000C9635 /* BodyControlPanel.xib */; };
		4B60BA2A1EBD84DC000FC8A5 /* MainMenu.xib in Resources */ = {isa = PBXBuildFile; fileRef = 4B60BA291EBD84DC000FC8A5 /* MainMenu.xib */; };
		4B60BA2E1EBD87B7000FC8A5 /* MainViewController.m in Sources */ = {isa = PBXBuildFile; fileRef = 4B60BA2C1EBD87B7000FC8A5 /* MainViewController.m */; };
		4B60BA2F1EBD87B7000FC8A5 /* MainViewController.xib in Resources */ = {isa = PBXBuildFile; fileRef = 4B60BA2D1EBD87B7000FC8A5 /* MainViewController.xib */; };
		4B60BA4E1EBD9DCF000FC8A5 /* ORSSerialPort.m in Sources */ = {isa = PBXBuildFile; fileRef = 4B60BA491EBD9DCF000FC8A5 /* ORSSerialPort.m */; };
		4B60BA4F1EBD9DCF000FC8A5 /* ORSSerialPortManager.m in Sources */ = {isa = PBXBuildFile; fileRef = 4B60BA4B1EBD9DCF000FC8A5 /* ORSSerialPortManager.m */; };
		4B60BA501EBD9DCF000FC8A5 /* ORSSerialRequest.m in Sources */ = {isa = PBXBuildFile; fileRef = 4B60BA4D1EBD9DCF000FC8A5 /* ORSSerialRequest.m */; };
		4B7C1A5D1EFD3AFC0064DF8F /* PerformMode.m in Sources */ = {isa = PBXBuildFile; fileRef = 4B7C1A5C1EFD3AFC0064DF8F /* PerformMode.m */; };
		4B7C1A611EFD3B6B0064DF8F /* RandomPerformMode.m in Sources */ = {isa = PBXBuildFile; fileRef = 4B7C1A601EFD3B6B0064DF8F /* RandomPerformMode.m */; };
		4B7C1A641EFD3BBE0064DF8F /* TargetMixPerformMode.m in Sources */ = {isa = PBXBuildFile; fileRef = 4B7C1A631EFD3BBE0064DF8F /* TargetMixPerformMode.m */; };
		4B7C1A671EFD3D210064DF8F /* TargetScanPerformMode.m in Sources */ = {isa = PBXBuildFile; fileRef = 4B7C1A661EFD3D210064DF8F /* TargetScanPerformMode.m */; };
		4B7C1A6A1EFD4A640064DF8F /* RoomScanPerformMode.m in Sources */ = {isa = PBXBuildFile; fileRef = 4B7C1A691EFD4A640064DF8F /* RoomScanPerformMode.m */; };
		4BA2EC8A21AA3DB700663DF4 /* libhtree.a in Frameworks */ = {isa = PBXBuildFile; fileRef = 4BA2EC8221AA39E200663DF4 /* libhtree.a */; };
		4BA2ECA121AB962100663DF4 /* AudioMidiSettingsManager.mm in Sources */ = {isa = PBXBuildFile; fileRef = 4BA2ECA021AB962100663DF4 /* AudioMidiSettingsManager.mm */; };
		4BA2ECA521AB977500663DF4 /* AudioMidiViewController.mm in Sources */ = {isa = PBXBuildFile; fileRef = 4BA2ECA321AB977500663DF4 /* AudioMidiViewController.mm */; };
		4BA2ECA621AB977500663DF4 /* AudioMidiViewController.xib in Resources */ = {isa = PBXBuildFile; fileRef = 4BA2ECA421AB977500663DF4 /* AudioMidiViewController.xib */; };
		4BA2ECA921AB97B800663DF4 /* AudioMidiWindowController.m in Sources */ = {isa = PBXBuildFile; fileRef = 4BA2ECA821AB97B800663DF4 /* AudioMidiWindowController.m */; };
		4BA82A4921BF71440090D57A /* MidiOutCore.cpp in Sources */ = {isa = PBXBuildFile; fileRef = 4BA82A4721BF71440090D57A /* MidiOutCore.cpp */; };
		4BAD3C8021ADB7CC0060B02D /* SimulationComposition.mm in Sources */ = {isa = PBXBuildFile; fileRef = 4BAD3C7F21ADB7CC0060B02D /* SimulationComposition.mm */; };
		4BADEA531EF5A4A8003CF739 /* gpc.c in Sources */ = {isa = PBXBuildFile; fileRef = 4BADEA4F1EF5A4A8003CF739 /* gpc.c */; };
		4BADEA541EF5A4A8003CF739 /* GPCPolygon.m in Sources */ = {isa = PBXBuildFile; fileRef = 4BADEA521EF5A4A8003CF739 /* GPCPolygon.m */; };
		4BADEA5D1EF74051003CF739 /* MicrophonePerformer.m in Sources */ = {isa = PBXBuildFile; fileRef = 4BADEA5C1EF74051003CF739 /* MicrophonePerformer.m */; };
		4BBE45F01EBC473000276A8A /* AppDelegate.m in Sources */ = {isa = PBXBuildFile; fileRef = 4BBE45EF1EBC473000276A8A /* AppDelegate.m */; };
		4BBE45F31EBC473000276A8A /* main.m in Sources */ = {isa = PBXBuildFile; fileRef = 4BBE45F21EBC473000276A8A /* main.m */; };
		4BBE45F61EBC473000276A8A /* ViewController.m in Sources */ = {isa = PBXBuildFile; fileRef = 4BBE45F51EBC473000276A8A /* ViewController.m */; };
		4BBE45F91EBC473000276A8A /* Document.m in Sources */ = {isa = PBXBuildFile; fileRef = 4BBE45F81EBC473000276A8A /* Document.m */; };
		4BBE45FC1EBC473000276A8A /* Document.xcdatamodeld in Sources */ = {isa = PBXBuildFile; fileRef = 4BBE45FA1EBC473000276A8A /* Document.xcdatamodeld */; };
		4BBE45FE1EBC473000276A8A /* Assets.xcassets in Resources */ = {isa = PBXBuildFile; fileRef = 4BBE45FD1EBC473000276A8A /* Assets.xcassets */; };
		4BBE460F1EBC497100276A8A /* RootView.m in Sources */ = {isa = PBXBuildFile; fileRef = 4BBE460D1EBC497100276A8A /* RootView.m */; };
		4BC9CD8A21B112C100122D2F /* CoreMIDI.framework in Frameworks */ = {isa = PBXBuildFile; fileRef = 4BC9CD6721B112C100122D2F /* CoreMIDI.framework */; };
		4BC9CD8B21B112C100122D2F /* CoreAudio.framework in Frameworks */ = {isa = PBXBuildFile; fileRef = 4BC9CD8721B112C100122D2F /* CoreAudio.framework */; };
		4BC9CD8C21B112C100122D2F /* CoreFoundation.framework in Frameworks */ = {isa = PBXBuildFile; fileRef = 4BC9CD8821B112C100122D2F /* CoreFoundation.framework */; };
		4BC9CD8D21B112C100122D2F /* CoreServices.framework in Frameworks */ = {isa = PBXBuildFile; fileRef = 4BC9CD8921B112C100122D2F /* CoreServices.framework */; };
		4BC9CD8E21B112CF00122D2F /* librtmidi_static.a in Frameworks */ = {isa = PBXBuildFile; fileRef = 4BC9CD8121B112C100122D2F /* librtmidi_static.a */; };
		4BCC701C1ECBF83600E2BB37 /* libpd-osx.a in Frameworks */ = {isa = PBXBuildFile; fileRef = 4BCC701B1ECBF7E300E2BB37 /* libpd-osx.a */; };
		4BCF703D1EDD032B001E1971 /* Protocol.c in Sources */ = {isa = PBXBuildFile; fileRef = 4BCF703B1EDD032B001E1971 /* Protocol.c */; };
		4BCF70401EDD0BDD001E1971 /* Entities.m in Sources */ = {isa = PBXBuildFile; fileRef = 4BCF703F1EDD0BDD001E1971 /* Entities.m */; };
		4BCF708C1EDD217C001E1971 /* MainWindowController.m in Sources */ = {isa = PBXBuildFile; fileRef = 4BCF708B1EDD217C001E1971 /* MainWindowController.m */; };
		4BCF708F1EDE59CC001E1971 /* Event.m in Sources */ = {isa = PBXBuildFile; fileRef = 4BCF708E1EDE59CC001E1971 /* Event.m */; };
		4BCF70931EDE723B001E1971 /* MicrophoneShapeAdapter.m in Sources */ = {isa = PBXBuildFile; fileRef = 4BCF70921EDE723B001E1971 /* MicrophoneShapeAdapter.m */; };
		4BE9F2EC21BA378200A5EAA4 /* MidiCore.cpp in Sources */ = {isa = PBXBuildFile; fileRef = 4BE9F2EB21BA378200A5EAA4 /* MidiCore.cpp */; };
		4BE9F2EF21BA390C00A5EAA4 /* MidiFileIn.cpp in Sources */ = {isa = PBXBuildFile; fileRef = 4BE9F2EE21BA390C00A5EAA4 /* MidiFileIn.cpp */; };
		4BE9F2F221BA3D1600A5EAA4 /* MidiFileSequenceReader.cpp in Sources */ = {isa = PBXBuildFile; fileRef = 4BE9F2F021BA3D1600A5EAA4 /* MidiFileSequenceReader.cpp */; };
/* End PBXBuildFile section */

/* Begin PBXContainerItemProxy section */
		4B9A91F121A9A7AD0056DE3A /* PBXContainerItemProxy */ = {
			isa = PBXContainerItemProxy;
			containerPortal = 4BCC70131ECBF7E300E2BB37 /* libpd.xcodeproj */;
			proxyType = 2;
			remoteGlobalIDString = 30C3D36D1FAA200100C67F08;
			remoteInfo = "libpd-ios-multi";
		};
		4B9A91F321A9A7AD0056DE3A /* PBXContainerItemProxy */ = {
			isa = PBXContainerItemProxy;
			containerPortal = 4BCC70131ECBF7E300E2BB37 /* libpd.xcodeproj */;
			proxyType = 2;
			remoteGlobalIDString = 30C3D2FA1FAA1FCC00C67F08;
			remoteInfo = "libpd-osx-multi";
		};
		4BA2EC8121AA39E200663DF4 /* PBXContainerItemProxy */ = {
			isa = PBXContainerItemProxy;
			containerPortal = 4BA2EC7B21AA39E200663DF4 /* htreedeps.xcodeproj */;
			proxyType = 2;
			remoteGlobalIDString = C4C085FAE5034E2EAD704CA1;
			remoteInfo = htree;
		};
		4BA2EC8621AA39EE00663DF4 /* PBXContainerItemProxy */ = {
			isa = PBXContainerItemProxy;
			containerPortal = 4BA2EC7B21AA39E200663DF4 /* htreedeps.xcodeproj */;
			proxyType = 1;
			remoteGlobalIDString = 9F832C9C847046DCA24FEB2B;
			remoteInfo = htree;
		};
		4BC9CD7421B112C100122D2F /* PBXContainerItemProxy */ = {
			isa = PBXContainerItemProxy;
			containerPortal = 4BA2EC7B21AA39E200663DF4 /* htreedeps.xcodeproj */;
			proxyType = 2;
			remoteGlobalIDString = F6E669DAD9F342BA8EB280DC;
			remoteInfo = cmidiin;
		};
		4BC9CD7621B112C100122D2F /* PBXContainerItemProxy */ = {
			isa = PBXContainerItemProxy;
			containerPortal = 4BA2EC7B21AA39E200663DF4 /* htreedeps.xcodeproj */;
			proxyType = 2;
			remoteGlobalIDString = 041439BE49AD4B43B328F5BE;
			remoteInfo = midiclock;
		};
		4BC9CD7821B112C100122D2F /* PBXContainerItemProxy */ = {
			isa = PBXContainerItemProxy;
			containerPortal = 4BA2EC7B21AA39E200663DF4 /* htreedeps.xcodeproj */;
			proxyType = 2;
			remoteGlobalIDString = DFB27A89004B4B2FA180A76B;
			remoteInfo = midiout;
		};
		4BC9CD7A21B112C100122D2F /* PBXContainerItemProxy */ = {
			isa = PBXContainerItemProxy;
			containerPortal = 4BA2EC7B21AA39E200663DF4 /* htreedeps.xcodeproj */;
			proxyType = 2;
			remoteGlobalIDString = B1B55398F178408DBF4E2A2F;
			remoteInfo = midiprobe;
		};
		4BC9CD7C21B112C100122D2F /* PBXContainerItemProxy */ = {
			isa = PBXContainerItemProxy;
			containerPortal = 4BA2EC7B21AA39E200663DF4 /* htreedeps.xcodeproj */;
			proxyType = 2;
			remoteGlobalIDString = 0217B15844F045B392F9B388;
			remoteInfo = qmidiin;
		};
		4BC9CD7E21B112C100122D2F /* PBXContainerItemProxy */ = {
			isa = PBXContainerItemProxy;
			containerPortal = 4BA2EC7B21AA39E200663DF4 /* htreedeps.xcodeproj */;
			proxyType = 2;
			remoteGlobalIDString = 07BD9778E62440DBA4420859;
			remoteInfo = rtmidi;
		};
		4BC9CD8021B112C100122D2F /* PBXContainerItemProxy */ = {
			isa = PBXContainerItemProxy;
			containerPortal = 4BA2EC7B21AA39E200663DF4 /* htreedeps.xcodeproj */;
			proxyType = 2;
			remoteGlobalIDString = 8A5AD51FABF347128B637C09;
			remoteInfo = rtmidi_static;
		};
		4BC9CD8221B112C100122D2F /* PBXContainerItemProxy */ = {
			isa = PBXContainerItemProxy;
			containerPortal = 4BA2EC7B21AA39E200663DF4 /* htreedeps.xcodeproj */;
			proxyType = 2;
			remoteGlobalIDString = 47D09C3CD1894771BAB90A80;
			remoteInfo = sysextest;
		};
		4BCC70181ECBF7E300E2BB37 /* PBXContainerItemProxy */ = {
			isa = PBXContainerItemProxy;
			containerPortal = 4BCC70131ECBF7E300E2BB37 /* libpd.xcodeproj */;
			proxyType = 2;
			remoteGlobalIDString = D2AAC07E0554694100DB518D;
			remoteInfo = "libpd-ios";
		};
		4BCC701A1ECBF7E300E2BB37 /* PBXContainerItemProxy */ = {
			isa = PBXContainerItemProxy;
			containerPortal = 4BCC70131ECBF7E300E2BB37 /* libpd.xcodeproj */;
			proxyType = 2;
			remoteGlobalIDString = 119013AB1486450C00086F19;
			remoteInfo = "libpd-osx";
		};
		4BCC701D1ECBF87000E2BB37 /* PBXContainerItemProxy */ = {
			isa = PBXContainerItemProxy;
			containerPortal = 4BCC70131ECBF7E300E2BB37 /* libpd.xcodeproj */;
			proxyType = 1;
			remoteGlobalIDString = 1190134E1486450C00086F19;
			remoteInfo = "libpd-osx";
		};
/* End PBXContainerItemProxy section */

/* Begin PBXFileReference section */
		4B0FC7F41EDFD06A003CACD5 /* MicrophoneController.h */ = {isa = PBXFileReference; fileEncoding = 4; lastKnownFileType = sourcecode.c.h; path = MicrophoneController.h; sourceTree = "<group>"; };
		4B0FC7F51EDFD06A003CACD5 /* MicrophoneController.m */ = {isa = PBXFileReference; fileEncoding = 4; lastKnownFileType = sourcecode.c.objc; path = MicrophoneController.m; sourceTree = "<group>"; };
		4B0FC7F71EE1CC6A003CACD5 /* MicrophoneKeepAlive.h */ = {isa = PBXFileReference; fileEncoding = 4; lastKnownFileType = sourcecode.c.h; path = MicrophoneKeepAlive.h; sourceTree = "<group>"; };
		4B0FC7F81EE1CC6A003CACD5 /* MicrophoneKeepAlive.m */ = {isa = PBXFileReference; fileEncoding = 4; lastKnownFileType = sourcecode.c.objc; path = MicrophoneKeepAlive.m; sourceTree = "<group>"; };
		4B0FC7FD1EE5E365003CACD5 /* SerialPortDevice.h */ = {isa = PBXFileReference; fileEncoding = 4; lastKnownFileType = sourcecode.c.h; path = SerialPortDevice.h; sourceTree = "<group>"; };
		4B0FC7FE1EE5E365003CACD5 /* SerialPortDevice.m */ = {isa = PBXFileReference; fileEncoding = 4; lastKnownFileType = sourcecode.c.objc; path = SerialPortDevice.m; sourceTree = "<group>"; };
		4B209A4321C32F3B0090DF3B /* MidiDeviceYamahaXG.hpp */ = {isa = PBXFileReference; lastKnownFileType = sourcecode.cpp.h; path = MidiDeviceYamahaXG.hpp; sourceTree = "<group>"; };
		4B2567051EBCC0D000BCE2B8 /* Resources */ = {isa = PBXFileReference; lastKnownFileType = folder; path = Resources; sourceTree = "<group>"; };
		4B2FD1EE21A60CB7009FA1A0 /* SandboxFileManager.h */ = {isa = PBXFileReference; fileEncoding = 4; lastKnownFileType = sourcecode.c.h; path = SandboxFileManager.h; sourceTree = "<group>"; };
		4B2FD1F021A60CB7009FA1A0 /* MultiChannelAudioTrackMixer.m */ = {isa = PBXFileReference; fileEncoding = 4; lastKnownFileType = sourcecode.c.objc; path = MultiChannelAudioTrackMixer.m; sourceTree = "<group>"; };
		4B2FD1F121A60CB7009FA1A0 /* VideoViewController.h */ = {isa = PBXFileReference; fileEncoding = 4; lastKnownFileType = sourcecode.c.h; path = VideoViewController.h; sourceTree = "<group>"; };
		4B2FD1F221A60CB7009FA1A0 /* SandboxFileManager.m */ = {isa = PBXFileReference; fileEncoding = 4; lastKnownFileType = sourcecode.c.objc; path = SandboxFileManager.m; sourceTree = "<group>"; };
		4B2FD1F321A60CB7009FA1A0 /* VideoViewController.m */ = {isa = PBXFileReference; fileEncoding = 4; lastKnownFileType = sourcecode.c.objc; path = VideoViewController.m; sourceTree = "<group>"; };
		4B2FD1F421A60CB8009FA1A0 /* VideoViewController.xib */ = {isa = PBXFileReference; fileEncoding = 4; lastKnownFileType = file.xib; path = VideoViewController.xib; sourceTree = "<group>"; };
		4B2FD1F521A60CB8009FA1A0 /* MultiChannelAudioTrackMixer.h */ = {isa = PBXFileReference; fileEncoding = 4; lastKnownFileType = sourcecode.c.h; path = MultiChannelAudioTrackMixer.h; sourceTree = "<group>"; };
		4B2FD1FA21A60D1D009FA1A0 /* Accelerate.framework */ = {isa = PBXFileReference; lastKnownFileType = wrapper.framework; name = Accelerate.framework; path = System/Library/Frameworks/Accelerate.framework; sourceTree = SDKROOT; };
		4B2FD1FC21A60D28009FA1A0 /* AVFoundation.framework */ = {isa = PBXFileReference; lastKnownFileType = wrapper.framework; name = AVFoundation.framework; path = System/Library/Frameworks/AVFoundation.framework; sourceTree = SDKROOT; };
		4B2FD1FD21A60D28009FA1A0 /* AVKit.framework */ = {isa = PBXFileReference; lastKnownFileType = wrapper.framework; name = AVKit.framework; path = System/Library/Frameworks/AVKit.framework; sourceTree = SDKROOT; };
		4B2FD20021A60D30009FA1A0 /* AudioToolbox.framework */ = {isa = PBXFileReference; lastKnownFileType = wrapper.framework; name = AudioToolbox.framework; path = System/Library/Frameworks/AudioToolbox.framework; sourceTree = SDKROOT; };
		4B2FD20221A60D38009FA1A0 /* AudioUnit.framework */ = {isa = PBXFileReference; lastKnownFileType = wrapper.framework; name = AudioUnit.framework; path = System/Library/Frameworks/AudioUnit.framework; sourceTree = SDKROOT; };
		4B2FD20421A60D48009FA1A0 /* IOKit.framework */ = {isa = PBXFileReference; lastKnownFileType = wrapper.framework; name = IOKit.framework; path = System/Library/Frameworks/IOKit.framework; sourceTree = SDKROOT; };
		4B2FD20621A60D51009FA1A0 /* Cocoa.framework */ = {isa = PBXFileReference; lastKnownFileType = wrapper.framework; name = Cocoa.framework; path = System/Library/Frameworks/Cocoa.framework; sourceTree = SDKROOT; };
		4B2FD20821A62EE4009FA1A0 /* VideoWindowController.m */ = {isa = PBXFileReference; lastKnownFileType = sourcecode.c.objc; path = VideoWindowController.m; sourceTree = "<group>"; };
		4B2FD20A21A62EF4009FA1A0 /* VideoWindowController.h */ = {isa = PBXFileReference; lastKnownFileType = sourcecode.c.h; path = VideoWindowController.h; sourceTree = "<group>"; };
		4B3B91411EC3545A005C0A1A /* SerialPortHandler.h */ = {isa = PBXFileReference; fileEncoding = 4; lastKnownFileType = sourcecode.c.h; path = SerialPortHandler.h; sourceTree = "<group>"; };
		4B3B91421EC3545A005C0A1A /* SerialPortHandler.m */ = {isa = PBXFileReference; fileEncoding = 4; lastKnownFileType = sourcecode.c.objc; path = SerialPortHandler.m; sourceTree = "<group>"; };
		4B3B91441EC362DB005C0A1A /* SceneViewController.h */ = {isa = PBXFileReference; fileEncoding = 4; lastKnownFileType = sourcecode.c.h; path = SceneViewController.h; sourceTree = "<group>"; };
		4B3B91451EC362DB005C0A1A /* SceneViewController.m */ = {isa = PBXFileReference; fileEncoding = 4; lastKnownFileType = sourcecode.c.objc; path = SceneViewController.m; sourceTree = "<group>"; };
		4B3B91461EC362DB005C0A1A /* SceneViewController.xib */ = {isa = PBXFileReference; fileEncoding = 4; lastKnownFileType = file.xib; path = SceneViewController.xib; sourceTree = "<group>"; };
		4B3B91491EC4056C005C0A1A /* ToolViewController.h */ = {isa = PBXFileReference; fileEncoding = 4; lastKnownFileType = sourcecode.c.h; path = ToolViewController.h; sourceTree = "<group>"; };
		4B3B914A1EC4056C005C0A1A /* ToolViewController.m */ = {isa = PBXFileReference; fileEncoding = 4; lastKnownFileType = sourcecode.c.objc; path = ToolViewController.m; sourceTree = "<group>"; };
		4B3B914B1EC4056C005C0A1A /* ToolViewController.xib */ = {isa = PBXFileReference; fileEncoding = 4; lastKnownFileType = file.xib; path = ToolViewController.xib; sourceTree = "<group>"; };
		4B3B914E1EC4058F005C0A1A /* SideBarViewController.h */ = {isa = PBXFileReference; fileEncoding = 4; lastKnownFileType = sourcecode.c.h; path = SideBarViewController.h; sourceTree = "<group>"; };
		4B3B914F1EC4058F005C0A1A /* SideBarViewController.m */ = {isa = PBXFileReference; fileEncoding = 4; lastKnownFileType = sourcecode.c.objc; path = SideBarViewController.m; sourceTree = "<group>"; };
		4B3B91501EC4058F005C0A1A /* SideBarViewController.xib */ = {isa = PBXFileReference; fileEncoding = 4; lastKnownFileType = file.xib; path = SideBarViewController.xib; sourceTree = "<group>"; };
		4B4DE56A1EE66D3F000C9635 /* MockDevice.h */ = {isa = PBXFileReference; fileEncoding = 4; lastKnownFileType = sourcecode.c.h; path = MockDevice.h; sourceTree = "<group>"; };
		4B4DE56B1EE66D3F000C9635 /* MockDevice.m */ = {isa = PBXFileReference; fileEncoding = 4; lastKnownFileType = sourcecode.c.objc; path = MockDevice.m; sourceTree = "<group>"; };
		4B4DE5711EECB3F6000C9635 /* Shape.m */ = {isa = PBXFileReference; fileEncoding = 4; lastKnownFileType = sourcecode.c.objc; path = Shape.m; sourceTree = "<group>"; };
		4B4DE5731EECB73D000C9635 /* MicrophoneControlPanel.xib */ = {isa = PBXFileReference; fileEncoding = 4; lastKnownFileType = file.xib; path = MicrophoneControlPanel.xib; sourceTree = "<group>"; };
		4B4DE5751EECB781000C9635 /* MicrophoneControlPanelViewController.h */ = {isa = PBXFileReference; fileEncoding = 4; lastKnownFileType = sourcecode.c.h; path = MicrophoneControlPanelViewController.h; sourceTree = "<group>"; };
		4B4DE5761EECB781000C9635 /* MicrophoneControlPanelViewController.m */ = {isa = PBXFileReference; fileEncoding = 4; lastKnownFileType = sourcecode.c.objc; path = MicrophoneControlPanelViewController.m; sourceTree = "<group>"; };
		4B4DE57B1EF498A1000C9635 /* FieldShapeAdapter.h */ = {isa = PBXFileReference; fileEncoding = 4; lastKnownFileType = sourcecode.c.h; path = FieldShapeAdapter.h; sourceTree = "<group>"; };
		4B4DE57C1EF498A1000C9635 /* FieldShapeAdapter.m */ = {isa = PBXFileReference; fileEncoding = 4; lastKnownFileType = sourcecode.c.objc; path = FieldShapeAdapter.m; sourceTree = "<group>"; };
		4B4DE57E1EF4A45D000C9635 /* SimulationController.h */ = {isa = PBXFileReference; fileEncoding = 4; lastKnownFileType = sourcecode.c.h; path = SimulationController.h; sourceTree = "<group>"; };
		4B4DE57F1EF4A45D000C9635 /* SimulationController.m */ = {isa = PBXFileReference; fileEncoding = 4; lastKnownFileType = sourcecode.c.objc; path = SimulationController.m; sourceTree = "<group>"; };
		4B4DE5811EF4B624000C9635 /* BodyControlPanel.h */ = {isa = PBXFileReference; fileEncoding = 4; lastKnownFileType = sourcecode.c.h; path = BodyControlPanel.h; sourceTree = "<group>"; };
		4B4DE5821EF4B624000C9635 /* BodyControlPanel.m */ = {isa = PBXFileReference; fileEncoding = 4; lastKnownFileType = sourcecode.c.objc; path = BodyControlPanel.m; sourceTree = "<group>"; };
		4B4DE5831EF4B624000C9635 /* BodyControlPanel.xib */ = {isa = PBXFileReference; fileEncoding = 4; lastKnownFileType = file.xib; path = BodyControlPanel.xib; sourceTree = "<group>"; };
		4B60BA291EBD84DC000FC8A5 /* MainMenu.xib */ = {isa = PBXFileReference; fileEncoding = 4; lastKnownFileType = file.xib; path = MainMenu.xib; sourceTree = "<group>"; };
		4B60BA2B1EBD87B7000FC8A5 /* MainViewController.h */ = {isa = PBXFileReference; fileEncoding = 4; lastKnownFileType = sourcecode.c.h; path = MainViewController.h; sourceTree = "<group>"; };
		4B60BA2C1EBD87B7000FC8A5 /* MainViewController.m */ = {isa = PBXFileReference; fileEncoding = 4; lastKnownFileType = sourcecode.c.objc; path = MainViewController.m; sourceTree = "<group>"; };
		4B60BA2D1EBD87B7000FC8A5 /* MainViewController.xib */ = {isa = PBXFileReference; fileEncoding = 4; lastKnownFileType = file.xib; path = MainViewController.xib; sourceTree = "<group>"; };
		4B60BA481EBD9DCF000FC8A5 /* ORSSerialPort.h */ = {isa = PBXFileReference; fileEncoding = 4; lastKnownFileType = sourcecode.c.h; path = ORSSerialPort.h; sourceTree = "<group>"; };
		4B60BA491EBD9DCF000FC8A5 /* ORSSerialPort.m */ = {isa = PBXFileReference; fileEncoding = 4; lastKnownFileType = sourcecode.c.objc; path = ORSSerialPort.m; sourceTree = "<group>"; };
		4B60BA4A1EBD9DCF000FC8A5 /* ORSSerialPortManager.h */ = {isa = PBXFileReference; fileEncoding = 4; lastKnownFileType = sourcecode.c.h; path = ORSSerialPortManager.h; sourceTree = "<group>"; };
		4B60BA4B1EBD9DCF000FC8A5 /* ORSSerialPortManager.m */ = {isa = PBXFileReference; fileEncoding = 4; lastKnownFileType = sourcecode.c.objc; path = ORSSerialPortManager.m; sourceTree = "<group>"; };
		4B60BA4C1EBD9DCF000FC8A5 /* ORSSerialRequest.h */ = {isa = PBXFileReference; fileEncoding = 4; lastKnownFileType = sourcecode.c.h; path = ORSSerialRequest.h; sourceTree = "<group>"; };
		4B60BA4D1EBD9DCF000FC8A5 /* ORSSerialRequest.m */ = {isa = PBXFileReference; fileEncoding = 4; lastKnownFileType = sourcecode.c.objc; path = ORSSerialRequest.m; sourceTree = "<group>"; };
		4B60BA511EBD9EAD000FC8A5 /* IOKit.framework */ = {isa = PBXFileReference; lastKnownFileType = wrapper.framework; name = IOKit.framework; path = Platforms/MacOSX.platform/Developer/SDKs/MacOSX10.7.sdk/System/Library/Frameworks/IOKit.framework; sourceTree = DEVELOPER_DIR; };
		4B7C1A5B1EFD3AFC0064DF8F /* PerformMode.h */ = {isa = PBXFileReference; fileEncoding = 4; lastKnownFileType = sourcecode.c.h; path = PerformMode.h; sourceTree = "<group>"; };
		4B7C1A5C1EFD3AFC0064DF8F /* PerformMode.m */ = {isa = PBXFileReference; fileEncoding = 4; lastKnownFileType = sourcecode.c.objc; path = PerformMode.m; sourceTree = "<group>"; };
		4B7C1A5F1EFD3B6B0064DF8F /* RandomPerformMode.h */ = {isa = PBXFileReference; fileEncoding = 4; lastKnownFileType = sourcecode.c.h; path = RandomPerformMode.h; sourceTree = "<group>"; };
		4B7C1A601EFD3B6B0064DF8F /* RandomPerformMode.m */ = {isa = PBXFileReference; fileEncoding = 4; lastKnownFileType = sourcecode.c.objc; path = RandomPerformMode.m; sourceTree = "<group>"; };
		4B7C1A621EFD3BBE0064DF8F /* TargetMixPerformMode.h */ = {isa = PBXFileReference; fileEncoding = 4; lastKnownFileType = sourcecode.c.h; path = TargetMixPerformMode.h; sourceTree = "<group>"; };
		4B7C1A631EFD3BBE0064DF8F /* TargetMixPerformMode.m */ = {isa = PBXFileReference; fileEncoding = 4; lastKnownFileType = sourcecode.c.objc; path = TargetMixPerformMode.m; sourceTree = "<group>"; };
		4B7C1A651EFD3D210064DF8F /* TargetScanPerformMode.h */ = {isa = PBXFileReference; fileEncoding = 4; lastKnownFileType = sourcecode.c.h; path = TargetScanPerformMode.h; sourceTree = "<group>"; };
		4B7C1A661EFD3D210064DF8F /* TargetScanPerformMode.m */ = {isa = PBXFileReference; fileEncoding = 4; lastKnownFileType = sourcecode.c.objc; path = TargetScanPerformMode.m; sourceTree = "<group>"; };
		4B7C1A681EFD4A640064DF8F /* RoomScanPerformMode.h */ = {isa = PBXFileReference; fileEncoding = 4; lastKnownFileType = sourcecode.c.h; path = RoomScanPerformMode.h; sourceTree = "<group>"; };
		4B7C1A691EFD4A640064DF8F /* RoomScanPerformMode.m */ = {isa = PBXFileReference; fileEncoding = 4; lastKnownFileType = sourcecode.c.objc; path = RoomScanPerformMode.m; sourceTree = "<group>"; };
		4BA2EC7B21AA39E200663DF4 /* htreedeps.xcodeproj */ = {isa = PBXFileReference; lastKnownFileType = "wrapper.pb-project"; name = htreedeps.xcodeproj; path = cmakeproj/htreedeps.xcodeproj; sourceTree = "<group>"; };
		4BA2EC9F21AB962100663DF4 /* AudioMidiSettingsManager.h */ = {isa = PBXFileReference; lastKnownFileType = sourcecode.c.h; path = AudioMidiSettingsManager.h; sourceTree = "<group>"; };
		4BA2ECA021AB962100663DF4 /* AudioMidiSettingsManager.mm */ = {isa = PBXFileReference; lastKnownFileType = sourcecode.cpp.objcpp; path = AudioMidiSettingsManager.mm; sourceTree = "<group>"; };
		4BA2ECA221AB977500663DF4 /* AudioMidiViewController.h */ = {isa = PBXFileReference; lastKnownFileType = sourcecode.c.h; path = AudioMidiViewController.h; sourceTree = "<group>"; };
		4BA2ECA321AB977500663DF4 /* AudioMidiViewController.mm */ = {isa = PBXFileReference; lastKnownFileType = sourcecode.cpp.objcpp; path = AudioMidiViewController.mm; sourceTree = "<group>"; };
		4BA2ECA421AB977500663DF4 /* AudioMidiViewController.xib */ = {isa = PBXFileReference; lastKnownFileType = file.xib; path = AudioMidiViewController.xib; sourceTree = "<group>"; };
		4BA2ECA721AB97B800663DF4 /* AudioMidiWindowController.h */ = {isa = PBXFileReference; lastKnownFileType = sourcecode.c.h; path = AudioMidiWindowController.h; sourceTree = "<group>"; };
		4BA2ECA821AB97B800663DF4 /* AudioMidiWindowController.m */ = {isa = PBXFileReference; lastKnownFileType = sourcecode.c.objc; path = AudioMidiWindowController.m; sourceTree = "<group>"; };
		4BA82A4721BF71440090D57A /* MidiOutCore.cpp */ = {isa = PBXFileReference; lastKnownFileType = sourcecode.cpp.cpp; path = MidiOutCore.cpp; sourceTree = "<group>"; };
		4BA82A4821BF71440090D57A /* MidiOutCore.hpp */ = {isa = PBXFileReference; lastKnownFileType = sourcecode.cpp.h; path = MidiOutCore.hpp; sourceTree = "<group>"; };
		4BAD3C7E21ADB7CC0060B02D /* SimulationComposition.h */ = {isa = PBXFileReference; lastKnownFileType = sourcecode.c.h; path = SimulationComposition.h; sourceTree = "<group>"; };
		4BAD3C7F21ADB7CC0060B02D /* SimulationComposition.mm */ = {isa = PBXFileReference; lastKnownFileType = sourcecode.cpp.objcpp; path = SimulationComposition.mm; sourceTree = "<group>"; };
		4BADEA4F1EF5A4A8003CF739 /* gpc.c */ = {isa = PBXFileReference; fileEncoding = 4; lastKnownFileType = sourcecode.c.c; path = gpc.c; sourceTree = "<group>"; };
		4BADEA501EF5A4A8003CF739 /* gpc.h */ = {isa = PBXFileReference; fileEncoding = 4; lastKnownFileType = sourcecode.c.h; path = gpc.h; sourceTree = "<group>"; };
		4BADEA511EF5A4A8003CF739 /* GPCPolygon.h */ = {isa = PBXFileReference; fileEncoding = 4; lastKnownFileType = sourcecode.c.h; path = GPCPolygon.h; sourceTree = "<group>"; };
		4BADEA521EF5A4A8003CF739 /* GPCPolygon.m */ = {isa = PBXFileReference; fileEncoding = 4; lastKnownFileType = sourcecode.c.objc; path = GPCPolygon.m; sourceTree = "<group>"; };
		4BADEA5B1EF74051003CF739 /* MicrophonePerformer.h */ = {isa = PBXFileReference; fileEncoding = 4; lastKnownFileType = sourcecode.c.h; path = MicrophonePerformer.h; sourceTree = "<group>"; };
		4BADEA5C1EF74051003CF739 /* MicrophonePerformer.m */ = {isa = PBXFileReference; fileEncoding = 4; lastKnownFileType = sourcecode.c.objc; path = MicrophonePerformer.m; sourceTree = "<group>"; };
		4BBE45EB1EBC473000276A8A /* Rotophone.app */ = {isa = PBXFileReference; explicitFileType = wrapper.application; includeInIndex = 0; path = Rotophone.app; sourceTree = BUILT_PRODUCTS_DIR; };
		4BBE45EE1EBC473000276A8A /* AppDelegate.h */ = {isa = PBXFileReference; lastKnownFileType = sourcecode.c.h; path = AppDelegate.h; sourceTree = "<group>"; };
		4BBE45EF1EBC473000276A8A /* AppDelegate.m */ = {isa = PBXFileReference; lastKnownFileType = sourcecode.c.objc; path = AppDelegate.m; sourceTree = "<group>"; };
		4BBE45F21EBC473000276A8A /* main.m */ = {isa = PBXFileReference; lastKnownFileType = sourcecode.c.objc; path = main.m; sourceTree = "<group>"; };
		4BBE45F41EBC473000276A8A /* ViewController.h */ = {isa = PBXFileReference; lastKnownFileType = sourcecode.c.h; path = ViewController.h; sourceTree = "<group>"; };
		4BBE45F51EBC473000276A8A /* ViewController.m */ = {isa = PBXFileReference; lastKnownFileType = sourcecode.c.objc; path = ViewController.m; sourceTree = "<group>"; };
		4BBE45F71EBC473000276A8A /* Document.h */ = {isa = PBXFileReference; lastKnownFileType = sourcecode.c.h; path = Document.h; sourceTree = "<group>"; };
		4BBE45F81EBC473000276A8A /* Document.m */ = {isa = PBXFileReference; lastKnownFileType = sourcecode.c.objc; path = Document.m; sourceTree = "<group>"; };
		4BBE45FB1EBC473000276A8A /* Document.xcdatamodel */ = {isa = PBXFileReference; lastKnownFileType = wrapper.xcdatamodel; path = Document.xcdatamodel; sourceTree = "<group>"; };
		4BBE45FD1EBC473000276A8A /* Assets.xcassets */ = {isa = PBXFileReference; lastKnownFileType = folder.assetcatalog; path = Assets.xcassets; sourceTree = "<group>"; };
		4BBE46021EBC473000276A8A /* Info.plist */ = {isa = PBXFileReference; lastKnownFileType = text.plist.xml; path = Info.plist; sourceTree = "<group>"; };
		4BBE460C1EBC497100276A8A /* RootView.h */ = {isa = PBXFileReference; fileEncoding = 4; lastKnownFileType = sourcecode.c.h; path = RootView.h; sourceTree = "<group>"; };
		4BBE460D1EBC497100276A8A /* RootView.m */ = {isa = PBXFileReference; fileEncoding = 4; lastKnownFileType = sourcecode.c.objc; path = RootView.m; sourceTree = "<group>"; };
		4BC9CD6721B112C100122D2F /* CoreMIDI.framework */ = {isa = PBXFileReference; lastKnownFileType = wrapper.framework; name = CoreMIDI.framework; path = System/Library/Frameworks/CoreMIDI.framework; sourceTree = SDKROOT; };
		4BC9CD8721B112C100122D2F /* CoreAudio.framework */ = {isa = PBXFileReference; lastKnownFileType = wrapper.framework; name = CoreAudio.framework; path = System/Library/Frameworks/CoreAudio.framework; sourceTree = SDKROOT; };
		4BC9CD8821B112C100122D2F /* CoreFoundation.framework */ = {isa = PBXFileReference; lastKnownFileType = wrapper.framework; name = CoreFoundation.framework; path = System/Library/Frameworks/CoreFoundation.framework; sourceTree = SDKROOT; };
		4BC9CD8921B112C100122D2F /* CoreServices.framework */ = {isa = PBXFileReference; lastKnownFileType = wrapper.framework; name = CoreServices.framework; path = System/Library/Frameworks/CoreServices.framework; sourceTree = SDKROOT; };
		4BCC70131ECBF7E300E2BB37 /* libpd.xcodeproj */ = {isa = PBXFileReference; lastKnownFileType = "wrapper.pb-project"; name = libpd.xcodeproj; path = libpd/libpd.xcodeproj; sourceTree = "<group>"; };
		4BCC701F1ECC020700E2BB37 /* AVFoundation.framework */ = {isa = PBXFileReference; lastKnownFileType = wrapper.framework; name = AVFoundation.framework; path = Platforms/MacOSX.platform/Developer/SDKs/MacOSX10.7.sdk/System/Library/Frameworks/AVFoundation.framework; sourceTree = DEVELOPER_DIR; };
		4BCC70211ECC02FC00E2BB37 /* AudioUnit.framework */ = {isa = PBXFileReference; lastKnownFileType = wrapper.framework; name = AudioUnit.framework; path = Platforms/MacOSX.platform/Developer/SDKs/MacOSX10.7.sdk/System/Library/Frameworks/AudioUnit.framework; sourceTree = DEVELOPER_DIR; };
		4BCC702C1ECC0C1100E2BB37 /* AudioToolbox.framework */ = {isa = PBXFileReference; lastKnownFileType = wrapper.framework; name = AudioToolbox.framework; path = Platforms/MacOSX.platform/Developer/SDKs/MacOSX10.7.sdk/System/Library/Frameworks/AudioToolbox.framework; sourceTree = DEVELOPER_DIR; };
		4BCDE0431EBD767E005764A7 /* Cocoa.framework */ = {isa = PBXFileReference; lastKnownFileType = wrapper.framework; name = Cocoa.framework; path = Platforms/MacOSX.platform/Developer/SDKs/MacOSX10.6.sdk/System/Library/Frameworks/Cocoa.framework; sourceTree = DEVELOPER_DIR; };
		4BCDE0451EBD76C7005764A7 /* AppKit.framework */ = {isa = PBXFileReference; lastKnownFileType = wrapper.framework; name = AppKit.framework; path = Platforms/MacOSX.platform/Developer/SDKs/MacOSX10.6.sdk/System/Library/Frameworks/AppKit.framework; sourceTree = DEVELOPER_DIR; };
		4BCF703B1EDD032B001E1971 /* Protocol.c */ = {isa = PBXFileReference; fileEncoding = 4; lastKnownFileType = sourcecode.c.c; path = Protocol.c; sourceTree = "<group>"; };
		4BCF703C1EDD032B001E1971 /* Protocol.h */ = {isa = PBXFileReference; fileEncoding = 4; lastKnownFileType = sourcecode.c.h; path = Protocol.h; sourceTree = "<group>"; };
		4BCF703E1EDD0AEB001E1971 /* Entities.h */ = {isa = PBXFileReference; lastKnownFileType = sourcecode.c.h; path = Entities.h; sourceTree = "<group>"; };
		4BCF703F1EDD0BDD001E1971 /* Entities.m */ = {isa = PBXFileReference; fileEncoding = 4; lastKnownFileType = sourcecode.c.objc; path = Entities.m; sourceTree = "<group>"; };
		4BCF708A1EDD217C001E1971 /* MainWindowController.h */ = {isa = PBXFileReference; fileEncoding = 4; lastKnownFileType = sourcecode.c.h; path = MainWindowController.h; sourceTree = "<group>"; };
		4BCF708B1EDD217C001E1971 /* MainWindowController.m */ = {isa = PBXFileReference; fileEncoding = 4; lastKnownFileType = sourcecode.c.objc; path = MainWindowController.m; sourceTree = "<group>"; };
		4BCF708D1EDE5024001E1971 /* Event.h */ = {isa = PBXFileReference; lastKnownFileType = sourcecode.c.h; path = Event.h; sourceTree = "<group>"; };
		4BCF708E1EDE59CC001E1971 /* Event.m */ = {isa = PBXFileReference; fileEncoding = 4; lastKnownFileType = sourcecode.c.objc; path = Event.m; sourceTree = "<group>"; };
		4BCF70901EDE7162001E1971 /* Shape.h */ = {isa = PBXFileReference; lastKnownFileType = sourcecode.c.h; path = Shape.h; sourceTree = "<group>"; };
		4BCF70911EDE7197001E1971 /* MicrophoneShapeAdapter.h */ = {isa = PBXFileReference; lastKnownFileType = sourcecode.c.h; path = MicrophoneShapeAdapter.h; sourceTree = "<group>"; };
		4BCF70921EDE723B001E1971 /* MicrophoneShapeAdapter.m */ = {isa = PBXFileReference; fileEncoding = 4; lastKnownFileType = sourcecode.c.objc; path = MicrophoneShapeAdapter.m; sourceTree = "<group>"; };
		4BE9F2DA21BA363A00A5EAA4 /* MidiFileIn.hpp */ = {isa = PBXFileReference; lastKnownFileType = sourcecode.cpp.h; path = MidiFileIn.hpp; sourceTree = "<group>"; };
		4BE9F2EA21BA375500A5EAA4 /* MidiCore.hpp */ = {isa = PBXFileReference; lastKnownFileType = sourcecode.cpp.h; path = MidiCore.hpp; sourceTree = "<group>"; };
		4BE9F2EB21BA378200A5EAA4 /* MidiCore.cpp */ = {isa = PBXFileReference; lastKnownFileType = sourcecode.cpp.cpp; path = MidiCore.cpp; sourceTree = "<group>"; };
		4BE9F2ED21BA37E400A5EAA4 /* MidiDeviceJuno106.hpp */ = {isa = PBXFileReference; lastKnownFileType = sourcecode.cpp.h; path = MidiDeviceJuno106.hpp; sourceTree = "<group>"; };
		4BE9F2EE21BA390C00A5EAA4 /* MidiFileIn.cpp */ = {isa = PBXFileReference; lastKnownFileType = sourcecode.cpp.cpp; path = MidiFileIn.cpp; sourceTree = "<group>"; };
		4BE9F2F021BA3D1600A5EAA4 /* MidiFileSequenceReader.cpp */ = {isa = PBXFileReference; lastKnownFileType = sourcecode.cpp.cpp; path = MidiFileSequenceReader.cpp; sourceTree = "<group>"; };
		4BE9F2F121BA3D1600A5EAA4 /* MidiFileSequenceReader.hpp */ = {isa = PBXFileReference; lastKnownFileType = sourcecode.cpp.h; path = MidiFileSequenceReader.hpp; sourceTree = "<group>"; };
/* End PBXFileReference section */

/* Begin PBXFrameworksBuildPhase section */
		4BBE45E81EBC473000276A8A /* Frameworks */ = {
			isa = PBXFrameworksBuildPhase;
			buildActionMask = 2147483647;
			files = (
				4BC9CD8E21B112CF00122D2F /* librtmidi_static.a in Frameworks */,
				4BC9CD8A21B112C100122D2F /* CoreMIDI.framework in Frameworks */,
				4BC9CD8B21B112C100122D2F /* CoreAudio.framework in Frameworks */,
				4BC9CD8C21B112C100122D2F /* CoreFoundation.framework in Frameworks */,
				4BC9CD8D21B112C100122D2F /* CoreServices.framework in Frameworks */,
				4BA2EC8A21AA3DB700663DF4 /* libhtree.a in Frameworks */,
				4B2FD20721A60D51009FA1A0 /* Cocoa.framework in Frameworks */,
				4B2FD20521A60D48009FA1A0 /* IOKit.framework in Frameworks */,
				4B2FD20321A60D38009FA1A0 /* AudioUnit.framework in Frameworks */,
				4B2FD20121A60D30009FA1A0 /* AudioToolbox.framework in Frameworks */,
				4B2FD1FE21A60D28009FA1A0 /* AVFoundation.framework in Frameworks */,
				4B2FD1FF21A60D28009FA1A0 /* AVKit.framework in Frameworks */,
				4B2FD1FB21A60D1D009FA1A0 /* Accelerate.framework in Frameworks */,
				4BCC701C1ECBF83600E2BB37 /* libpd-osx.a in Frameworks */,
			);
			runOnlyForDeploymentPostprocessing = 0;
		};
/* End PBXFrameworksBuildPhase section */

/* Begin PBXGroup section */
		4BA2EC7C21AA39E200663DF4 /* Products */ = {
			isa = PBXGroup;
			children = (
				4BA2EC8221AA39E200663DF4 /* libhtree.a */,
				4BC9CD7521B112C100122D2F /* cmidiin */,
				4BC9CD7721B112C100122D2F /* midiclock */,
				4BC9CD7921B112C100122D2F /* midiout */,
				4BC9CD7B21B112C100122D2F /* midiprobe */,
				4BC9CD7D21B112C100122D2F /* qmidiin */,
				4BC9CD7F21B112C100122D2F /* librtmidi.dylib */,
				4BC9CD8121B112C100122D2F /* librtmidi_static.a */,
				4BC9CD8321B112C100122D2F /* sysextest */,
			);
			name = Products;
			sourceTree = "<group>";
		};
		4BBE45E21EBC473000276A8A = {
			isa = PBXGroup;
			children = (
				4BCC70131ECBF7E300E2BB37 /* libpd.xcodeproj */,
				4BA2EC7B21AA39E200663DF4 /* htreedeps.xcodeproj */,
				4BBE45ED1EBC473000276A8A /* Rotophone */,
				4BBE45EC1EBC473000276A8A /* Products */,
				4BCDE0421EBD767E005764A7 /* Frameworks */,
			);
			sourceTree = "<group>";
		};
		4BBE45EC1EBC473000276A8A /* Products */ = {
			isa = PBXGroup;
			children = (
				4BBE45EB1EBC473000276A8A /* Rotophone.app */,
			);
			name = Products;
			sourceTree = "<group>";
		};
		4BBE45ED1EBC473000276A8A /* Rotophone */ = {
			isa = PBXGroup;
			children = (
				4B2FD1F521A60CB8009FA1A0 /* MultiChannelAudioTrackMixer.h */,
				4B2FD1F021A60CB7009FA1A0 /* MultiChannelAudioTrackMixer.m */,
				4B2FD1EE21A60CB7009FA1A0 /* SandboxFileManager.h */,
				4B2FD1F221A60CB7009FA1A0 /* SandboxFileManager.m */,
				4B2FD1F121A60CB7009FA1A0 /* VideoViewController.h */,
				4B2FD1F321A60CB7009FA1A0 /* VideoViewController.m */,
				4B2FD1F421A60CB8009FA1A0 /* VideoViewController.xib */,
				4BADEA4F1EF5A4A8003CF739 /* gpc.c */,
				4BADEA501EF5A4A8003CF739 /* gpc.h */,
				4BADEA511EF5A4A8003CF739 /* GPCPolygon.h */,
				4BADEA521EF5A4A8003CF739 /* GPCPolygon.m */,
				4BADEA5B1EF74051003CF739 /* MicrophonePerformer.h */,
				4BADEA5C1EF74051003CF739 /* MicrophonePerformer.m */,
				4B7C1A651EFD3D210064DF8F /* TargetScanPerformMode.h */,
				4B7C1A661EFD3D210064DF8F /* TargetScanPerformMode.m */,
				4B7C1A621EFD3BBE0064DF8F /* TargetMixPerformMode.h */,
				4B7C1A631EFD3BBE0064DF8F /* TargetMixPerformMode.m */,
				4B7C1A5F1EFD3B6B0064DF8F /* RandomPerformMode.h */,
				4B7C1A601EFD3B6B0064DF8F /* RandomPerformMode.m */,
				4B7C1A681EFD4A640064DF8F /* RoomScanPerformMode.h */,
				4B7C1A691EFD4A640064DF8F /* RoomScanPerformMode.m */,
				4B7C1A5B1EFD3AFC0064DF8F /* PerformMode.h */,
				4B7C1A5C1EFD3AFC0064DF8F /* PerformMode.m */,
				4B0FC7F41EDFD06A003CACD5 /* MicrophoneController.h */,
				4B0FC7F51EDFD06A003CACD5 /* MicrophoneController.m */,
				4B0FC7F71EE1CC6A003CACD5 /* MicrophoneKeepAlive.h */,
				4B0FC7F81EE1CC6A003CACD5 /* MicrophoneKeepAlive.m */,
				4BCF703B1EDD032B001E1971 /* Protocol.c */,
				4BCF703C1EDD032B001E1971 /* Protocol.h */,
				4BCF70911EDE7197001E1971 /* MicrophoneShapeAdapter.h */,
				4BCF70921EDE723B001E1971 /* MicrophoneShapeAdapter.m */,
				4B4DE57B1EF498A1000C9635 /* FieldShapeAdapter.h */,
				4B4DE57C1EF498A1000C9635 /* FieldShapeAdapter.m */,
				4BCF703E1EDD0AEB001E1971 /* Entities.h */,
				4BCF703F1EDD0BDD001E1971 /* Entities.m */,
				4B60BA481EBD9DCF000FC8A5 /* ORSSerialPort.h */,
				4B60BA491EBD9DCF000FC8A5 /* ORSSerialPort.m */,
				4B60BA4A1EBD9DCF000FC8A5 /* ORSSerialPortManager.h */,
				4B60BA4B1EBD9DCF000FC8A5 /* ORSSerialPortManager.m */,
				4B60BA4C1EBD9DCF000FC8A5 /* ORSSerialRequest.h */,
				4B60BA4D1EBD9DCF000FC8A5 /* ORSSerialRequest.m */,
				4B2567051EBCC0D000BCE2B8 /* Resources */,
				4BBE45EE1EBC473000276A8A /* AppDelegate.h */,
				4BBE45EF1EBC473000276A8A /* AppDelegate.m */,
				4BBE45F41EBC473000276A8A /* ViewController.h */,
				4BBE45F51EBC473000276A8A /* ViewController.m */,
				4BBE45F71EBC473000276A8A /* Document.h */,
				4BBE45F81EBC473000276A8A /* Document.m */,
				4BCF708A1EDD217C001E1971 /* MainWindowController.h */,
				4BCF708B1EDD217C001E1971 /* MainWindowController.m */,
				4B4DE57E1EF4A45D000C9635 /* SimulationController.h */,
				4B4DE57F1EF4A45D000C9635 /* SimulationController.m */,
				4BBE45FD1EBC473000276A8A /* Assets.xcassets */,
				4BBE46021EBC473000276A8A /* Info.plist */,
				4BBE45FA1EBC473000276A8A /* Document.xcdatamodeld */,
				4BBE45F11EBC473000276A8A /* Supporting Files */,
				4B0FC7FD1EE5E365003CACD5 /* SerialPortDevice.h */,
				4B0FC7FE1EE5E365003CACD5 /* SerialPortDevice.m */,
				4B3B91411EC3545A005C0A1A /* SerialPortHandler.h */,
				4B3B91421EC3545A005C0A1A /* SerialPortHandler.m */,
				4B4DE56A1EE66D3F000C9635 /* MockDevice.h */,
				4B4DE56B1EE66D3F000C9635 /* MockDevice.m */,
				4BCF708D1EDE5024001E1971 /* Event.h */,
				4BCF708E1EDE59CC001E1971 /* Event.m */,
				4BBE460C1EBC497100276A8A /* RootView.h */,
				4BBE460D1EBC497100276A8A /* RootView.m */,
				4B3B91491EC4056C005C0A1A /* ToolViewController.h */,
				4B3B914A1EC4056C005C0A1A /* ToolViewController.m */,
				4B3B914E1EC4058F005C0A1A /* SideBarViewController.h */,
				4B3B914F1EC4058F005C0A1A /* SideBarViewController.m */,
				4B3B91441EC362DB005C0A1A /* SceneViewController.h */,
				4B3B91451EC362DB005C0A1A /* SceneViewController.m */,
				4B2FD20A21A62EF4009FA1A0 /* VideoWindowController.h */,
				4B2FD20821A62EE4009FA1A0 /* VideoWindowController.m */,
				4BCF70901EDE7162001E1971 /* Shape.h */,
				4B4DE5711EECB3F6000C9635 /* Shape.m */,
				4B60BA2B1EBD87B7000FC8A5 /* MainViewController.h */,
				4B60BA2C1EBD87B7000FC8A5 /* MainViewController.m */,
				4B4DE5811EF4B624000C9635 /* BodyControlPanel.h */,
				4B4DE5821EF4B624000C9635 /* BodyControlPanel.m */,
				4BAD3C7E21ADB7CC0060B02D /* SimulationComposition.h */,
				4BAD3C7F21ADB7CC0060B02D /* SimulationComposition.mm */,
				4BE9F2EA21BA375500A5EAA4 /* MidiCore.hpp */,
				4BE9F2EB21BA378200A5EAA4 /* MidiCore.cpp */,
				4BE9F2ED21BA37E400A5EAA4 /* MidiDeviceJuno106.hpp */,
				4B209A4321C32F3B0090DF3B /* MidiDeviceYamahaXG.hpp */,
				4BA82A4821BF71440090D57A /* MidiOutCore.hpp */,
				4BA82A4721BF71440090D57A /* MidiOutCore.cpp */,
				4BE9F2F021BA3D1600A5EAA4 /* MidiFileSequenceReader.cpp */,
				4BE9F2F121BA3D1600A5EAA4 /* MidiFileSequenceReader.hpp */,
				4BE9F2DA21BA363A00A5EAA4 /* MidiFileIn.hpp */,
				4BE9F2EE21BA390C00A5EAA4 /* MidiFileIn.cpp */,
				4B4DE5751EECB781000C9635 /* MicrophoneControlPanelViewController.h */,
				4B4DE5761EECB781000C9635 /* MicrophoneControlPanelViewController.m */,
				4BA2EC9F21AB962100663DF4 /* AudioMidiSettingsManager.h */,
				4BA2ECA021AB962100663DF4 /* AudioMidiSettingsManager.mm */,
				4BA2ECA221AB977500663DF4 /* AudioMidiViewController.h */,
				4BA2ECA321AB977500663DF4 /* AudioMidiViewController.mm */,
				4BA2ECA721AB97B800663DF4 /* AudioMidiWindowController.h */,
				4BA2ECA821AB97B800663DF4 /* AudioMidiWindowController.m */,
				4BA2ECA421AB977500663DF4 /* AudioMidiViewController.xib */,
				4B4DE5831EF4B624000C9635 /* BodyControlPanel.xib */,
				4B4DE5731EECB73D000C9635 /* MicrophoneControlPanel.xib */,
				4B3B91501EC4058F005C0A1A /* SideBarViewController.xib */,
				4B3B914B1EC4056C005C0A1A /* ToolViewController.xib */,
				4B60BA2D1EBD87B7000FC8A5 /* MainViewController.xib */,
				4B3B91461EC362DB005C0A1A /* SceneViewController.xib */,
				4B60BA291EBD84DC000FC8A5 /* MainMenu.xib */,
			);
			path = Rotophone;
			sourceTree = "<group>";
		};
		4BBE45F11EBC473000276A8A /* Supporting Files */ = {
			isa = PBXGroup;
			children = (
				4BBE45F21EBC473000276A8A /* main.m */,
			);
			name = "Supporting Files";
			sourceTree = "<group>";
		};
		4BCC70141ECBF7E300E2BB37 /* Products */ = {
			isa = PBXGroup;
			children = (
				4BCC70191ECBF7E300E2BB37 /* libpd-ios.a */,
				4BCC701B1ECBF7E300E2BB37 /* libpd-osx.a */,
				4B9A91F221A9A7AD0056DE3A /* libpd-ios-multi.a */,
				4B9A91F421A9A7AD0056DE3A /* libpd-osx-multi.a */,
			);
			name = Products;
			sourceTree = "<group>";
		};
		4BCDE0421EBD767E005764A7 /* Frameworks */ = {
			isa = PBXGroup;
			children = (
				4BC9CD8721B112C100122D2F /* CoreAudio.framework */,
				4BC9CD8821B112C100122D2F /* CoreFoundation.framework */,
				4BC9CD6721B112C100122D2F /* CoreMIDI.framework */,
				4BC9CD8921B112C100122D2F /* CoreServices.framework */,
				4B2FD20621A60D51009FA1A0 /* Cocoa.framework */,
				4B2FD20421A60D48009FA1A0 /* IOKit.framework */,
				4B2FD20221A60D38009FA1A0 /* AudioUnit.framework */,
				4B2FD20021A60D30009FA1A0 /* AudioToolbox.framework */,
				4B2FD1FC21A60D28009FA1A0 /* AVFoundation.framework */,
				4B2FD1FD21A60D28009FA1A0 /* AVKit.framework */,
				4B2FD1FA21A60D1D009FA1A0 /* Accelerate.framework */,
				4BCC702C1ECC0C1100E2BB37 /* AudioToolbox.framework */,
				4BCC70211ECC02FC00E2BB37 /* AudioUnit.framework */,
				4BCC701F1ECC020700E2BB37 /* AVFoundation.framework */,
				4B60BA511EBD9EAD000FC8A5 /* IOKit.framework */,
				4BCDE0451EBD76C7005764A7 /* AppKit.framework */,
				4BCDE0431EBD767E005764A7 /* Cocoa.framework */,
			);
			name = Frameworks;
			sourceTree = "<group>";
		};
/* End PBXGroup section */

/* Begin PBXNativeTarget section */
		4BBE45EA1EBC473000276A8A /* Rotophone */ = {
			isa = PBXNativeTarget;
			buildConfigurationList = 4BBE46051EBC473000276A8A /* Build configuration list for PBXNativeTarget "Rotophone" */;
			buildPhases = (
				4BCF70381EDBAF96001E1971 /* ShellScript */,
				4BBE45E71EBC473000276A8A /* Sources */,
				4BBE45E81EBC473000276A8A /* Frameworks */,
				4BBE45E91EBC473000276A8A /* Resources */,
			);
			buildRules = (
			);
			dependencies = (
				4BA2EC8721AA39EE00663DF4 /* PBXTargetDependency */,
				4BCC701E1ECBF87000E2BB37 /* PBXTargetDependency */,
			);
			name = Rotophone;
			productName = Rotophone;
			productReference = 4BBE45EB1EBC473000276A8A /* Rotophone.app */;
			productType = "com.apple.product-type.application";
		};
/* End PBXNativeTarget section */

/* Begin PBXProject section */
		4BBE45E31EBC473000276A8A /* Project object */ = {
			isa = PBXProject;
			attributes = {
				LastUpgradeCheck = 0830;
				ORGANIZATIONNAME = "Scientific Sciences";
				TargetAttributes = {
					4BBE45EA1EBC473000276A8A = {
						CreatedOnToolsVersion = 8.3.2;
						ProvisioningStyle = Automatic;
					};
				};
			};
			buildConfigurationList = 4BBE45E61EBC473000276A8A /* Build configuration list for PBXProject "Rotophone" */;
			compatibilityVersion = "Xcode 3.2";
			developmentRegion = English;
			hasScannedForEncodings = 0;
			knownRegions = (
				en,
				Base,
			);
			mainGroup = 4BBE45E21EBC473000276A8A;
			productRefGroup = 4BBE45EC1EBC473000276A8A /* Products */;
			projectDirPath = "";
			projectReferences = (
				{
					ProductGroup = 4BA2EC7C21AA39E200663DF4 /* Products */;
					ProjectRef = 4BA2EC7B21AA39E200663DF4 /* htreedeps.xcodeproj */;
				},
				{
					ProductGroup = 4BCC70141ECBF7E300E2BB37 /* Products */;
					ProjectRef = 4BCC70131ECBF7E300E2BB37 /* libpd.xcodeproj */;
				},
			);
			projectRoot = "";
			targets = (
				4BBE45EA1EBC473000276A8A /* Rotophone */,
			);
		};
/* End PBXProject section */

/* Begin PBXReferenceProxy section */
		4B9A91F221A9A7AD0056DE3A /* libpd-ios-multi.a */ = {
			isa = PBXReferenceProxy;
			fileType = archive.ar;
			path = "libpd-ios-multi.a";
			remoteRef = 4B9A91F121A9A7AD0056DE3A /* PBXContainerItemProxy */;
			sourceTree = BUILT_PRODUCTS_DIR;
		};
		4B9A91F421A9A7AD0056DE3A /* libpd-osx-multi.a */ = {
			isa = PBXReferenceProxy;
			fileType = archive.ar;
			path = "libpd-osx-multi.a";
			remoteRef = 4B9A91F321A9A7AD0056DE3A /* PBXContainerItemProxy */;
			sourceTree = BUILT_PRODUCTS_DIR;
		};
		4BA2EC8221AA39E200663DF4 /* libhtree.a */ = {
			isa = PBXReferenceProxy;
			fileType = archive.ar;
			path = libhtree.a;
			remoteRef = 4BA2EC8121AA39E200663DF4 /* PBXContainerItemProxy */;
			sourceTree = BUILT_PRODUCTS_DIR;
		};
		4BC9CD7521B112C100122D2F /* cmidiin */ = {
			isa = PBXReferenceProxy;
			fileType = "compiled.mach-o.executable";
			path = cmidiin;
			remoteRef = 4BC9CD7421B112C100122D2F /* PBXContainerItemProxy */;
			sourceTree = BUILT_PRODUCTS_DIR;
		};
		4BC9CD7721B112C100122D2F /* midiclock */ = {
			isa = PBXReferenceProxy;
			fileType = "compiled.mach-o.executable";
			path = midiclock;
			remoteRef = 4BC9CD7621B112C100122D2F /* PBXContainerItemProxy */;
			sourceTree = BUILT_PRODUCTS_DIR;
		};
		4BC9CD7921B112C100122D2F /* midiout */ = {
			isa = PBXReferenceProxy;
			fileType = "compiled.mach-o.executable";
			path = midiout;
			remoteRef = 4BC9CD7821B112C100122D2F /* PBXContainerItemProxy */;
			sourceTree = BUILT_PRODUCTS_DIR;
		};
		4BC9CD7B21B112C100122D2F /* midiprobe */ = {
			isa = PBXReferenceProxy;
			fileType = "compiled.mach-o.executable";
			path = midiprobe;
			remoteRef = 4BC9CD7A21B112C100122D2F /* PBXContainerItemProxy */;
			sourceTree = BUILT_PRODUCTS_DIR;
		};
		4BC9CD7D21B112C100122D2F /* qmidiin */ = {
			isa = PBXReferenceProxy;
			fileType = "compiled.mach-o.executable";
			path = qmidiin;
			remoteRef = 4BC9CD7C21B112C100122D2F /* PBXContainerItemProxy */;
			sourceTree = BUILT_PRODUCTS_DIR;
		};
		4BC9CD7F21B112C100122D2F /* librtmidi.dylib */ = {
			isa = PBXReferenceProxy;
			fileType = "compiled.mach-o.dylib";
			name = librtmidi.dylib;
			path = librtmidi.4.0.0.dylib;
			remoteRef = 4BC9CD7E21B112C100122D2F /* PBXContainerItemProxy */;
			sourceTree = BUILT_PRODUCTS_DIR;
		};
		4BC9CD8121B112C100122D2F /* librtmidi_static.a */ = {
			isa = PBXReferenceProxy;
			fileType = archive.ar;
			path = librtmidi_static.a;
			remoteRef = 4BC9CD8021B112C100122D2F /* PBXContainerItemProxy */;
			sourceTree = BUILT_PRODUCTS_DIR;
		};
		4BC9CD8321B112C100122D2F /* sysextest */ = {
			isa = PBXReferenceProxy;
			fileType = "compiled.mach-o.executable";
			path = sysextest;
			remoteRef = 4BC9CD8221B112C100122D2F /* PBXContainerItemProxy */;
			sourceTree = BUILT_PRODUCTS_DIR;
		};
		4BCC70191ECBF7E300E2BB37 /* libpd-ios.a */ = {
			isa = PBXReferenceProxy;
			fileType = archive.ar;
			path = "libpd-ios.a";
			remoteRef = 4BCC70181ECBF7E300E2BB37 /* PBXContainerItemProxy */;
			sourceTree = BUILT_PRODUCTS_DIR;
		};
		4BCC701B1ECBF7E300E2BB37 /* libpd-osx.a */ = {
			isa = PBXReferenceProxy;
			fileType = archive.ar;
			path = "libpd-osx.a";
			remoteRef = 4BCC701A1ECBF7E300E2BB37 /* PBXContainerItemProxy */;
			sourceTree = BUILT_PRODUCTS_DIR;
		};
/* End PBXReferenceProxy section */

/* Begin PBXResourcesBuildPhase section */
		4BBE45E91EBC473000276A8A /* Resources */ = {
			isa = PBXResourcesBuildPhase;
			buildActionMask = 2147483647;
			files = (
				4B4DE5851EF4B624000C9635 /* BodyControlPanel.xib in Resources */,
				4B4DE5741EECB73D000C9635 /* MicrophoneControlPanel.xib in Resources */,
				4BBE45FE1EBC473000276A8A /* Assets.xcassets in Resources */,
				4B3B91481EC362DB005C0A1A /* SceneViewController.xib in Resources */,
				4B3B914D1EC4056C005C0A1A /* ToolViewController.xib in Resources */,
				4B2567061EBCC0D000BCE2B8 /* Resources in Resources */,
				4B3B91521EC4058F005C0A1A /* SideBarViewController.xib in Resources */,
				4BA2ECA621AB977500663DF4 /* AudioMidiViewController.xib in Resources */,
				4B60BA2A1EBD84DC000FC8A5 /* MainMenu.xib in Resources */,
				4B2FD1F921A60CB8009FA1A0 /* VideoViewController.xib in Resources */,
				4B60BA2F1EBD87B7000FC8A5 /* MainViewController.xib in Resources */,
			);
			runOnlyForDeploymentPostprocessing = 0;
		};
/* End PBXResourcesBuildPhase section */

/* Begin PBXShellScriptBuildPhase section */
		4BCF70381EDBAF96001E1971 /* ShellScript */ = {
			isa = PBXShellScriptBuildPhase;
			buildActionMask = 2147483647;
			files = (
			);
			inputPaths = (
				"",
			);
			outputPaths = (
			);
			runOnlyForDeploymentPostprocessing = 0;
			shellPath = /bin/sh;
			shellScript = "cp \"$SRCROOT\"/Arduino/rotophone/Protocol.h \"$SRCROOT\"/Rotophone/Protocol.h\ncp \"$SRCROOT\"/Arduino/rotophone/Protocol.c \"$SRCROOT\"/Rotophone/Protocol.c\n";
		};
/* End PBXShellScriptBuildPhase section */

/* Begin PBXSourcesBuildPhase section */
		4BBE45E71EBC473000276A8A /* Sources */ = {
			isa = PBXSourcesBuildPhase;
			buildActionMask = 2147483647;
			files = (
				4BCF703D1EDD032B001E1971 /* Protocol.c in Sources */,
				4B7C1A611EFD3B6B0064DF8F /* RandomPerformMode.m in Sources */,
				4B4DE5801EF4A45D000C9635 /* SimulationController.m in Sources */,
				4BBE45F91EBC473000276A8A /* Document.m in Sources */,
				4BBE45F61EBC473000276A8A /* ViewController.m in Sources */,
				4B7C1A6A1EFD4A640064DF8F /* RoomScanPerformMode.m in Sources */,
				4B60BA2E1EBD87B7000FC8A5 /* MainViewController.m in Sources */,
				4B2FD1F721A60CB8009FA1A0 /* SandboxFileManager.m in Sources */,
				4B4DE57D1EF498A1000C9635 /* FieldShapeAdapter.m in Sources */,
				4B2FD1F621A60CB8009FA1A0 /* MultiChannelAudioTrackMixer.m in Sources */,
				4B60BA4F1EBD9DCF000FC8A5 /* ORSSerialPortManager.m in Sources */,
				4BADEA541EF5A4A8003CF739 /* GPCPolygon.m in Sources */,
				4B60BA501EBD9DCF000FC8A5 /* ORSSerialRequest.m in Sources */,
				4BE9F2F221BA3D1600A5EAA4 /* MidiFileSequenceReader.cpp in Sources */,
				4B7C1A5D1EFD3AFC0064DF8F /* PerformMode.m in Sources */,
				4B0FC7F91EE1CC6A003CACD5 /* MicrophoneKeepAlive.m in Sources */,
				4BE9F2EF21BA390C00A5EAA4 /* MidiFileIn.cpp in Sources */,
				4B60BA4E1EBD9DCF000FC8A5 /* ORSSerialPort.m in Sources */,
				4B0FC7FF1EE5E365003CACD5 /* SerialPortDevice.m in Sources */,
				4BBE460F1EBC497100276A8A /* RootView.m in Sources */,
				4BA82A4921BF71440090D57A /* MidiOutCore.cpp in Sources */,
				4B3B91511EC4058F005C0A1A /* SideBarViewController.m in Sources */,
				4BCF708C1EDD217C001E1971 /* MainWindowController.m in Sources */,
				4BBE45F31EBC473000276A8A /* main.m in Sources */,
				4BCF70401EDD0BDD001E1971 /* Entities.m in Sources */,
				4B4DE5841EF4B624000C9635 /* BodyControlPanel.m in Sources */,
				4BE9F2EC21BA378200A5EAA4 /* MidiCore.cpp in Sources */,
				4BA2ECA921AB97B800663DF4 /* AudioMidiWindowController.m in Sources */,
				4BCF708F1EDE59CC001E1971 /* Event.m in Sources */,
				4BA2ECA121AB962100663DF4 /* AudioMidiSettingsManager.mm in Sources */,
				4B0FC7F61EDFD06A003CACD5 /* MicrophoneController.m in Sources */,
				4BCF70931EDE723B001E1971 /* MicrophoneShapeAdapter.m in Sources */,
				4B7C1A641EFD3BBE0064DF8F /* TargetMixPerformMode.m in Sources */,
				4BBE45FC1EBC473000276A8A /* Document.xcdatamodeld in Sources */,
				4BADEA5D1EF74051003CF739 /* MicrophonePerformer.m in Sources */,
				4B3B91471EC362DB005C0A1A /* SceneViewController.m in Sources */,
				4B2FD1F821A60CB8009FA1A0 /* VideoViewController.m in Sources */,
				4B3B91431EC3545A005C0A1A /* SerialPortHandler.m in Sources */,
				4B4DE5721EECB54E000C9635 /* Shape.m in Sources */,
				4B4DE56C1EE66D3F000C9635 /* MockDevice.m in Sources */,
				4BA2ECA521AB977500663DF4 /* AudioMidiViewController.mm in Sources */,
				4B3B914C1EC4056C005C0A1A /* ToolViewController.m in Sources */,
				4B4DE5771EECB781000C9635 /* MicrophoneControlPanelViewController.m in Sources */,
				4BBE45F01EBC473000276A8A /* AppDelegate.m in Sources */,
				4B7C1A671EFD3D210064DF8F /* TargetScanPerformMode.m in Sources */,
				4BADEA531EF5A4A8003CF739 /* gpc.c in Sources */,
				4B2FD20921A62EE4009FA1A0 /* VideoWindowController.m in Sources */,
				4BAD3C8021ADB7CC0060B02D /* SimulationComposition.mm in Sources */,
			);
			runOnlyForDeploymentPostprocessing = 0;
		};
/* End PBXSourcesBuildPhase section */

/* Begin PBXTargetDependency section */
		4BA2EC8721AA39EE00663DF4 /* PBXTargetDependency */ = {
			isa = PBXTargetDependency;
			name = htree;
			targetProxy = 4BA2EC8621AA39EE00663DF4 /* PBXContainerItemProxy */;
		};
		4BCC701E1ECBF87000E2BB37 /* PBXTargetDependency */ = {
			isa = PBXTargetDependency;
			name = "libpd-osx";
			targetProxy = 4BCC701D1ECBF87000E2BB37 /* PBXContainerItemProxy */;
		};
/* End PBXTargetDependency section */

/* Begin XCBuildConfiguration section */
		4BBE46031EBC473000276A8A /* Debug */ = {
			isa = XCBuildConfiguration;
			buildSettings = {
				ALWAYS_SEARCH_USER_PATHS = NO;
				CLANG_ANALYZER_NONNULL = YES;
				CLANG_ANALYZER_NUMBER_OBJECT_CONVERSION = YES_AGGRESSIVE;
				CLANG_CXX_LANGUAGE_STANDARD = "gnu++0x";
				CLANG_CXX_LIBRARY = "libc++";
				CLANG_ENABLE_MODULES = YES;
				CLANG_ENABLE_OBJC_ARC = YES;
				CLANG_LINK_OBJC_RUNTIME = NO;
				CLANG_WARN_BOOL_CONVERSION = YES;
				CLANG_WARN_CONSTANT_CONVERSION = YES;
				CLANG_WARN_DIRECT_OBJC_ISA_USAGE = YES_ERROR;
				CLANG_WARN_DOCUMENTATION_COMMENTS = YES;
				CLANG_WARN_EMPTY_BODY = YES;
				CLANG_WARN_ENUM_CONVERSION = YES;
				CLANG_WARN_INFINITE_RECURSION = YES;
				CLANG_WARN_INT_CONVERSION = YES;
				CLANG_WARN_OBJC_ROOT_CLASS = YES_ERROR;
				CLANG_WARN_SUSPICIOUS_MOVE = YES;
				CLANG_WARN_UNREACHABLE_CODE = YES;
				CLANG_WARN__DUPLICATE_METHOD_MATCH = YES;
				CODE_SIGN_IDENTITY = "-";
				COPY_PHASE_STRIP = NO;
				DEBUG_INFORMATION_FORMAT = dwarf;
				ENABLE_STRICT_OBJC_MSGSEND = YES;
				ENABLE_TESTABILITY = YES;
				GCC_C_LANGUAGE_STANDARD = gnu99;
				GCC_DYNAMIC_NO_PIC = NO;
				GCC_NO_COMMON_BLOCKS = YES;
				GCC_OPTIMIZATION_LEVEL = 0;
				GCC_PREPROCESSOR_DEFINITIONS = (
					"DEBUG=1",
					"$(inherited)",
				);
				GCC_WARN_64_TO_32_BIT_CONVERSION = YES;
				GCC_WARN_ABOUT_RETURN_TYPE = YES_ERROR;
				GCC_WARN_UNDECLARED_SELECTOR = YES;
				GCC_WARN_UNINITIALIZED_AUTOS = YES_AGGRESSIVE;
				GCC_WARN_UNUSED_FUNCTION = YES;
				GCC_WARN_UNUSED_VARIABLE = YES;
				MACOSX_DEPLOYMENT_TARGET = 10.12;
				MTL_ENABLE_DEBUG_INFO = YES;
				ONLY_ACTIVE_ARCH = YES;
				OTHER_CFLAGS = "";
				OTHER_LDFLAGS = "";
				SDKROOT = macosx;
			};
			name = Debug;
		};
		4BBE46041EBC473000276A8A /* Release */ = {
			isa = XCBuildConfiguration;
			buildSettings = {
				ALWAYS_SEARCH_USER_PATHS = NO;
				CLANG_ANALYZER_NONNULL = YES;
				CLANG_ANALYZER_NUMBER_OBJECT_CONVERSION = YES_AGGRESSIVE;
				CLANG_CXX_LANGUAGE_STANDARD = "gnu++0x";
				CLANG_CXX_LIBRARY = "libc++";
				CLANG_ENABLE_MODULES = YES;
				CLANG_ENABLE_OBJC_ARC = YES;
				CLANG_LINK_OBJC_RUNTIME = NO;
				CLANG_WARN_BOOL_CONVERSION = YES;
				CLANG_WARN_CONSTANT_CONVERSION = YES;
				CLANG_WARN_DIRECT_OBJC_ISA_USAGE = YES_ERROR;
				CLANG_WARN_DOCUMENTATION_COMMENTS = YES;
				CLANG_WARN_EMPTY_BODY = YES;
				CLANG_WARN_ENUM_CONVERSION = YES;
				CLANG_WARN_INFINITE_RECURSION = YES;
				CLANG_WARN_INT_CONVERSION = YES;
				CLANG_WARN_OBJC_ROOT_CLASS = YES_ERROR;
				CLANG_WARN_SUSPICIOUS_MOVE = YES;
				CLANG_WARN_UNREACHABLE_CODE = YES;
				CLANG_WARN__DUPLICATE_METHOD_MATCH = YES;
				CODE_SIGN_IDENTITY = "-";
				COPY_PHASE_STRIP = NO;
				DEBUG_INFORMATION_FORMAT = "dwarf-with-dsym";
				ENABLE_NS_ASSERTIONS = NO;
				ENABLE_STRICT_OBJC_MSGSEND = YES;
				GCC_C_LANGUAGE_STANDARD = gnu99;
				GCC_NO_COMMON_BLOCKS = YES;
				GCC_WARN_64_TO_32_BIT_CONVERSION = YES;
				GCC_WARN_ABOUT_RETURN_TYPE = YES_ERROR;
				GCC_WARN_UNDECLARED_SELECTOR = YES;
				GCC_WARN_UNINITIALIZED_AUTOS = YES_AGGRESSIVE;
				GCC_WARN_UNUSED_FUNCTION = YES;
				GCC_WARN_UNUSED_VARIABLE = YES;
				MACOSX_DEPLOYMENT_TARGET = 10.12;
				MTL_ENABLE_DEBUG_INFO = NO;
				OTHER_CFLAGS = "";
				OTHER_LDFLAGS = "";
				SDKROOT = macosx;
			};
			name = Release;
		};
		4BBE46061EBC473000276A8A /* Debug */ = {
			isa = XCBuildConfiguration;
			buildSettings = {
				ASSETCATALOG_COMPILER_APPICON_NAME = AppIcon;
				CLANG_ALLOW_NON_MODULAR_INCLUDES_IN_FRAMEWORK_MODULES = YES;
				CLANG_LINK_OBJC_RUNTIME = NO;
				COMBINE_HIDPI_IMAGES = YES;
				HEADER_SEARCH_PATHS = (
					./libpd/objc,
					./extern/htreecpp/htree/include,
					./extern/rtmidi,
				);
				INFOPLIST_FILE = Rotophone/Info.plist;
				LD_RUNPATH_SEARCH_PATHS = "$(inherited) @executable_path/../Frameworks";
				LIBRARY_SEARCH_PATHS = "";
				MACOSX_DEPLOYMENT_TARGET = 10.12;
				OTHER_CFLAGS = "";
				OTHER_LDFLAGS = (
					"-Xlinker",
					"-U",
					"-Xlinker",
					_objc_readClassPair,
				);
				PRODUCT_BUNDLE_IDENTIFIER = com.SciSci.Rotophone;
				PRODUCT_NAME = "$(TARGET_NAME)";
				SDKROOT = macosx;
				SYSTEM_HEADER_SEARCH_PATHS = /usr/local/include/eigen3;
			};
			name = Debug;
		};
		4BBE46071EBC473000276A8A /* Release */ = {
			isa = XCBuildConfiguration;
			buildSettings = {
				ASSETCATALOG_COMPILER_APPICON_NAME = AppIcon;
				CLANG_ALLOW_NON_MODULAR_INCLUDES_IN_FRAMEWORK_MODULES = YES;
				CLANG_LINK_OBJC_RUNTIME = NO;
				COMBINE_HIDPI_IMAGES = YES;
				HEADER_SEARCH_PATHS = (
					./libpd/objc,
					./extern/htreecpp/htree/include,
					./extern/rtmidi,
				);
				INFOPLIST_FILE = Rotophone/Info.plist;
				LD_RUNPATH_SEARCH_PATHS = "$(inherited) @executable_path/../Frameworks";
				LIBRARY_SEARCH_PATHS = "";
				MACOSX_DEPLOYMENT_TARGET = 10.12;
				OTHER_CFLAGS = "";
				OTHER_LDFLAGS = (
					"-Xlinker",
					"-U",
					"-Xlinker",
					_objc_readClassPair,
				);
				PRODUCT_BUNDLE_IDENTIFIER = com.SciSci.Rotophone;
				PRODUCT_NAME = "$(TARGET_NAME)";
				SDKROOT = macosx;
				SYSTEM_HEADER_SEARCH_PATHS = /usr/local/include/eigen3;
			};
			name = Release;
		};
/* End XCBuildConfiguration section */

/* Begin XCConfigurationList section */
		4BBE45E61EBC473000276A8A /* Build configuration list for PBXProject "Rotophone" */ = {
			isa = XCConfigurationList;
			buildConfigurations = (
				4BBE46031EBC473000276A8A /* Debug */,
				4BBE46041EBC473000276A8A /* Release */,
			);
			defaultConfigurationIsVisible = 0;
			defaultConfigurationName = Release;
		};
		4BBE46051EBC473000276A8A /* Build configuration list for PBXNativeTarget "Rotophone" */ = {
			isa = XCConfigurationList;
			buildConfigurations = (
				4BBE46061EBC473000276A8A /* Debug */,
				4BBE46071EBC473000276A8A /* Release */,
			);
			defaultConfigurationIsVisible = 0;
			defaultConfigurationName = Release;
		};
/* End XCConfigurationList section */

/* Begin XCVersionGroup section */
		4BBE45FA1EBC473000276A8A /* Document.xcdatamodeld */ = {
			isa = XCVersionGroup;
			children = (
				4BBE45FB1EBC473000276A8A /* Document.xcdatamodel */,
			);
			currentVersion = 4BBE45FB1EBC473000276A8A /* Document.xcdatamodel */;
			path = Document.xcdatamodeld;
			sourceTree = "<group>";
			versionGroupType = wrapper.xcdatamodel;
		};
/* End XCVersionGroup section */
	};
	rootObject = 4BBE45E31EBC473000276A8A /* Project object */;
}
