// !$*UTF8*$!
{
	archiveVersion = 1;
	classes = {
	};
	objectVersion = 46;
	objects = {

/* Begin PBXBuildFile section */
		4B2567061EBCC0D000BCE2B8 /* Resources in Resources */ = {isa = PBXBuildFile; fileRef = 4B2567051EBCC0D000BCE2B8 /* Resources */; };
		4B60BA2A1EBD84DC000FC8A5 /* MainMenu.xib in Resources */ = {isa = PBXBuildFile; fileRef = 4B60BA291EBD84DC000FC8A5 /* MainMenu.xib */; };
		4B60BA2E1EBD87B7000FC8A5 /* MainViewController.m in Sources */ = {isa = PBXBuildFile; fileRef = 4B60BA2C1EBD87B7000FC8A5 /* MainViewController.m */; };
		4B60BA2F1EBD87B7000FC8A5 /* MainViewController.xib in Resources */ = {isa = PBXBuildFile; fileRef = 4B60BA2D1EBD87B7000FC8A5 /* MainViewController.xib */; };
		4B60BA4E1EBD9DCF000FC8A5 /* ORSSerialPort.m in Sources */ = {isa = PBXBuildFile; fileRef = 4B60BA491EBD9DCF000FC8A5 /* ORSSerialPort.m */; };
		4B60BA4F1EBD9DCF000FC8A5 /* ORSSerialPortManager.m in Sources */ = {isa = PBXBuildFile; fileRef = 4B60BA4B1EBD9DCF000FC8A5 /* ORSSerialPortManager.m */; };
		4B60BA501EBD9DCF000FC8A5 /* ORSSerialRequest.m in Sources */ = {isa = PBXBuildFile; fileRef = 4B60BA4D1EBD9DCF000FC8A5 /* ORSSerialRequest.m */; };
		4B60BA521EBD9EAD000FC8A5 /* IOKit.framework in Frameworks */ = {isa = PBXBuildFile; fileRef = 4B60BA511EBD9EAD000FC8A5 /* IOKit.framework */; };
		4BBE45F01EBC473000276A8A /* AppDelegate.m in Sources */ = {isa = PBXBuildFile; fileRef = 4BBE45EF1EBC473000276A8A /* AppDelegate.m */; };
		4BBE45F31EBC473000276A8A /* main.m in Sources */ = {isa = PBXBuildFile; fileRef = 4BBE45F21EBC473000276A8A /* main.m */; };
		4BBE45F61EBC473000276A8A /* ViewController.m in Sources */ = {isa = PBXBuildFile; fileRef = 4BBE45F51EBC473000276A8A /* ViewController.m */; };
		4BBE45F91EBC473000276A8A /* Document.m in Sources */ = {isa = PBXBuildFile; fileRef = 4BBE45F81EBC473000276A8A /* Document.m */; };
		4BBE45FC1EBC473000276A8A /* Document.xcdatamodeld in Sources */ = {isa = PBXBuildFile; fileRef = 4BBE45FA1EBC473000276A8A /* Document.xcdatamodeld */; };
		4BBE45FE1EBC473000276A8A /* Assets.xcassets in Resources */ = {isa = PBXBuildFile; fileRef = 4BBE45FD1EBC473000276A8A /* Assets.xcassets */; };
		4BBE460F1EBC497100276A8A /* RootViewController.m in Sources */ = {isa = PBXBuildFile; fileRef = 4BBE460D1EBC497100276A8A /* RootViewController.m */; };
		4BCDE0441EBD767E005764A7 /* Cocoa.framework in Frameworks */ = {isa = PBXBuildFile; fileRef = 4BCDE0431EBD767E005764A7 /* Cocoa.framework */; };
/* End PBXBuildFile section */

/* Begin PBXFileReference section */
		4B2567051EBCC0D000BCE2B8 /* Resources */ = {isa = PBXFileReference; lastKnownFileType = folder; path = Resources; sourceTree = "<group>"; };
		4B60BA291EBD84DC000FC8A5 /* MainMenu.xib */ = {isa = PBXFileReference; fileEncoding = 4; lastKnownFileType = file.xib; path = MainMenu.xib; sourceTree = "<group>"; };
		4B60BA2B1EBD87B7000FC8A5 /* MainViewController.h */ = {isa = PBXFileReference; fileEncoding = 4; lastKnownFileType = sourcecode.c.h; path = MainViewController.h; sourceTree = "<group>"; };
		4B60BA2C1EBD87B7000FC8A5 /* MainViewController.m */ = {isa = PBXFileReference; fileEncoding = 4; lastKnownFileType = sourcecode.c.objc; path = MainViewController.m; sourceTree = "<group>"; };
		4B60BA2D1EBD87B7000FC8A5 /* MainViewController.xib */ = {isa = PBXFileReference; fileEncoding = 4; lastKnownFileType = file.xib; path = MainViewController.xib; sourceTree = "<group>"; };
		4B60BA481EBD9DCF000FC8A5 /* ORSSerialPort.h */ = {isa = PBXFileReference; fileEncoding = 4; lastKnownFileType = sourcecode.c.h; path = ORSSerialPort.h; sourceTree = "<group>"; };
		4B60BA491EBD9DCF000FC8A5 /* ORSSerialPort.m */ = {isa = PBXFileReference; fileEncoding = 4; lastKnownFileType = sourcecode.c.objc; path = ORSSerialPort.m; sourceTree = "<group>"; };
		4B60BA4A1EBD9DCF000FC8A5 /* ORSSerialPortManager.h */ = {isa = PBXFileReference; fileEncoding = 4; lastKnownFileType = sourcecode.c.h; path = ORSSerialPortManager.h; sourceTree = "<group>"; };
		4B60BA4B1EBD9DCF000FC8A5 /* ORSSerialPortManager.m */ = {isa = PBXFileReference; fileEncoding = 4; lastKnownFileType = sourcecode.c.objc; path = ORSSerialPortManager.m; sourceTree = "<group>"; };
		4B60BA4C1EBD9DCF000FC8A5 /* ORSSerialRequest.h */ = {isa = PBXFileReference; fileEncoding = 4; lastKnownFileType = sourcecode.c.h; path = ORSSerialRequest.h; sourceTree = "<group>"; };
		4B60BA4D1EBD9DCF000FC8A5 /* ORSSerialRequest.m */ = {isa = PBXFileReference; fileEncoding = 4; lastKnownFileType = sourcecode.c.objc; path = ORSSerialRequest.m; sourceTree = "<group>"; };
		4B60BA511EBD9EAD000FC8A5 /* IOKit.framework */ = {isa = PBXFileReference; lastKnownFileType = wrapper.framework; name = IOKit.framework; path = Platforms/MacOSX.platform/Developer/SDKs/MacOSX10.7.sdk/System/Library/Frameworks/IOKit.framework; sourceTree = DEVELOPER_DIR; };
		4BBE45EB1EBC473000276A8A /* Rotophone.app */ = {isa = PBXFileReference; explicitFileType = wrapper.application; includeInIndex = 0; path = Rotophone.app; sourceTree = BUILT_PRODUCTS_DIR; };
		4BBE45EE1EBC473000276A8A /* AppDelegate.h */ = {isa = PBXFileReference; lastKnownFileType = sourcecode.c.h; path = AppDelegate.h; sourceTree = "<group>"; };
		4BBE45EF1EBC473000276A8A /* AppDelegate.m */ = {isa = PBXFileReference; lastKnownFileType = sourcecode.c.objc; path = AppDelegate.m; sourceTree = "<group>"; };
		4BBE45F21EBC473000276A8A /* main.m */ = {isa = PBXFileReference; lastKnownFileType = sourcecode.c.objc; path = main.m; sourceTree = "<group>"; };
		4BBE45F41EBC473000276A8A /* ViewController.h */ = {isa = PBXFileReference; lastKnownFileType = sourcecode.c.h; path = ViewController.h; sourceTree = "<group>"; };
		4BBE45F51EBC473000276A8A /* ViewController.m */ = {isa = PBXFileReference; lastKnownFileType = sourcecode.c.objc; path = ViewController.m; sourceTree = "<group>"; };
		4BBE45F71EBC473000276A8A /* Document.h */ = {isa = PBXFileReference; lastKnownFileType = sourcecode.c.h; path = Document.h; sourceTree = "<group>"; };
		4BBE45F81EBC473000276A8A /* Document.m */ = {isa = PBXFileReference; lastKnownFileType = sourcecode.c.objc; path = Document.m; sourceTree = "<group>"; };
		4BBE45FB1EBC473000276A8A /* Document.xcdatamodel */ = {isa = PBXFileReference; lastKnownFileType = wrapper.xcdatamodel; path = Document.xcdatamodel; sourceTree = "<group>"; };
		4BBE45FD1EBC473000276A8A /* Assets.xcassets */ = {isa = PBXFileReference; lastKnownFileType = folder.assetcatalog; path = Assets.xcassets; sourceTree = "<group>"; };
		4BBE46021EBC473000276A8A /* Info.plist */ = {isa = PBXFileReference; lastKnownFileType = text.plist.xml; path = Info.plist; sourceTree = "<group>"; };
		4BBE460C1EBC497100276A8A /* RootViewController.h */ = {isa = PBXFileReference; fileEncoding = 4; lastKnownFileType = sourcecode.c.h; path = RootViewController.h; sourceTree = "<group>"; };
		4BBE460D1EBC497100276A8A /* RootViewController.m */ = {isa = PBXFileReference; fileEncoding = 4; lastKnownFileType = sourcecode.c.objc; path = RootViewController.m; sourceTree = "<group>"; };
		4BCDE0431EBD767E005764A7 /* Cocoa.framework */ = {isa = PBXFileReference; lastKnownFileType = wrapper.framework; name = Cocoa.framework; path = Platforms/MacOSX.platform/Developer/SDKs/MacOSX10.6.sdk/System/Library/Frameworks/Cocoa.framework; sourceTree = DEVELOPER_DIR; };
		4BCDE0451EBD76C7005764A7 /* AppKit.framework */ = {isa = PBXFileReference; lastKnownFileType = wrapper.framework; name = AppKit.framework; path = Platforms/MacOSX.platform/Developer/SDKs/MacOSX10.6.sdk/System/Library/Frameworks/AppKit.framework; sourceTree = DEVELOPER_DIR; };
/* End PBXFileReference section */

/* Begin PBXFrameworksBuildPhase section */
		4BBE45E81EBC473000276A8A /* Frameworks */ = {
			isa = PBXFrameworksBuildPhase;
			buildActionMask = 2147483647;
			files = (
				4B60BA521EBD9EAD000FC8A5 /* IOKit.framework in Frameworks */,
				4BCDE0441EBD767E005764A7 /* Cocoa.framework in Frameworks */,
			);
			runOnlyForDeploymentPostprocessing = 0;
		};
/* End PBXFrameworksBuildPhase section */

/* Begin PBXGroup section */
		4BBE45E21EBC473000276A8A = {
			isa = PBXGroup;
			children = (
				4BBE45ED1EBC473000276A8A /* Rotophone */,
				4BBE45EC1EBC473000276A8A /* Products */,
				4BCDE0421EBD767E005764A7 /* Frameworks */,
			);
			sourceTree = "<group>";
		};
		4BBE45EC1EBC473000276A8A /* Products */ = {
			isa = PBXGroup;
			children = (
				4BBE45EB1EBC473000276A8A /* Rotophone.app */,
			);
			name = Products;
			sourceTree = "<group>";
		};
		4BBE45ED1EBC473000276A8A /* Rotophone */ = {
			isa = PBXGroup;
			children = (
				4B60BA481EBD9DCF000FC8A5 /* ORSSerialPort.h */,
				4B60BA491EBD9DCF000FC8A5 /* ORSSerialPort.m */,
				4B60BA4A1EBD9DCF000FC8A5 /* ORSSerialPortManager.h */,
				4B60BA4B1EBD9DCF000FC8A5 /* ORSSerialPortManager.m */,
				4B60BA4C1EBD9DCF000FC8A5 /* ORSSerialRequest.h */,
				4B60BA4D1EBD9DCF000FC8A5 /* ORSSerialRequest.m */,
				4B2567051EBCC0D000BCE2B8 /* Resources */,
				4BBE45EE1EBC473000276A8A /* AppDelegate.h */,
				4BBE45EF1EBC473000276A8A /* AppDelegate.m */,
				4BBE45F41EBC473000276A8A /* ViewController.h */,
				4BBE45F51EBC473000276A8A /* ViewController.m */,
				4BBE45F71EBC473000276A8A /* Document.h */,
				4BBE45F81EBC473000276A8A /* Document.m */,
				4BBE45FD1EBC473000276A8A /* Assets.xcassets */,
				4BBE46021EBC473000276A8A /* Info.plist */,
				4BBE45FA1EBC473000276A8A /* Document.xcdatamodeld */,
				4BBE45F11EBC473000276A8A /* Supporting Files */,
				4BBE460C1EBC497100276A8A /* RootViewController.h */,
				4BBE460D1EBC497100276A8A /* RootViewController.m */,
				4B60BA2B1EBD87B7000FC8A5 /* MainViewController.h */,
				4B60BA2C1EBD87B7000FC8A5 /* MainViewController.m */,
				4B60BA2D1EBD87B7000FC8A5 /* MainViewController.xib */,
				4B60BA291EBD84DC000FC8A5 /* MainMenu.xib */,
			);
			path = Rotophone;
			sourceTree = "<group>";
		};
		4BBE45F11EBC473000276A8A /* Supporting Files */ = {
			isa = PBXGroup;
			children = (
				4BBE45F21EBC473000276A8A /* main.m */,
			);
			name = "Supporting Files";
			sourceTree = "<group>";
		};
		4BCDE0421EBD767E005764A7 /* Frameworks */ = {
			isa = PBXGroup;
			children = (
				4B60BA511EBD9EAD000FC8A5 /* IOKit.framework */,
				4BCDE0451EBD76C7005764A7 /* AppKit.framework */,
				4BCDE0431EBD767E005764A7 /* Cocoa.framework */,
			);
			name = Frameworks;
			sourceTree = "<group>";
		};
/* End PBXGroup section */

/* Begin PBXNativeTarget section */
		4BBE45EA1EBC473000276A8A /* Rotophone */ = {
			isa = PBXNativeTarget;
			buildConfigurationList = 4BBE46051EBC473000276A8A /* Build configuration list for PBXNativeTarget "Rotophone" */;
			buildPhases = (
				4BBE45E71EBC473000276A8A /* Sources */,
				4BBE45E81EBC473000276A8A /* Frameworks */,
				4BBE45E91EBC473000276A8A /* Resources */,
			);
			buildRules = (
			);
			dependencies = (
			);
			name = Rotophone;
			productName = Rotophone;
			productReference = 4BBE45EB1EBC473000276A8A /* Rotophone.app */;
			productType = "com.apple.product-type.application";
		};
/* End PBXNativeTarget section */

/* Begin PBXProject section */
		4BBE45E31EBC473000276A8A /* Project object */ = {
			isa = PBXProject;
			attributes = {
				LastUpgradeCheck = 0830;
				ORGANIZATIONNAME = "Scientific Sciences";
				TargetAttributes = {
					4BBE45EA1EBC473000276A8A = {
						CreatedOnToolsVersion = 8.3.2;
						ProvisioningStyle = Automatic;
					};
				};
			};
			buildConfigurationList = 4BBE45E61EBC473000276A8A /* Build configuration list for PBXProject "Rotophone" */;
			compatibilityVersion = "Xcode 3.2";
			developmentRegion = English;
			hasScannedForEncodings = 0;
			knownRegions = (
				en,
				Base,
			);
			mainGroup = 4BBE45E21EBC473000276A8A;
			productRefGroup = 4BBE45EC1EBC473000276A8A /* Products */;
			projectDirPath = "";
			projectRoot = "";
			targets = (
				4BBE45EA1EBC473000276A8A /* Rotophone */,
			);
		};
/* End PBXProject section */

/* Begin PBXResourcesBuildPhase section */
		4BBE45E91EBC473000276A8A /* Resources */ = {
			isa = PBXResourcesBuildPhase;
			buildActionMask = 2147483647;
			files = (
				4BBE45FE1EBC473000276A8A /* Assets.xcassets in Resources */,
				4B2567061EBCC0D000BCE2B8 /* Resources in Resources */,
				4B60BA2A1EBD84DC000FC8A5 /* MainMenu.xib in Resources */,
				4B60BA2F1EBD87B7000FC8A5 /* MainViewController.xib in Resources */,
			);
			runOnlyForDeploymentPostprocessing = 0;
		};
/* End PBXResourcesBuildPhase section */

/* Begin PBXSourcesBuildPhase section */
		4BBE45E71EBC473000276A8A /* Sources */ = {
			isa = PBXSourcesBuildPhase;
			buildActionMask = 2147483647;
			files = (
				4BBE45F91EBC473000276A8A /* Document.m in Sources */,
				4BBE45F61EBC473000276A8A /* ViewController.m in Sources */,
				4B60BA2E1EBD87B7000FC8A5 /* MainViewController.m in Sources */,
				4B60BA4F1EBD9DCF000FC8A5 /* ORSSerialPortManager.m in Sources */,
				4B60BA501EBD9DCF000FC8A5 /* ORSSerialRequest.m in Sources */,
				4B60BA4E1EBD9DCF000FC8A5 /* ORSSerialPort.m in Sources */,
				4BBE460F1EBC497100276A8A /* RootViewController.m in Sources */,
				4BBE45F31EBC473000276A8A /* main.m in Sources */,
				4BBE45FC1EBC473000276A8A /* Document.xcdatamodeld in Sources */,
				4BBE45F01EBC473000276A8A /* AppDelegate.m in Sources */,
			);
			runOnlyForDeploymentPostprocessing = 0;
		};
/* End PBXSourcesBuildPhase section */

/* Begin XCBuildConfiguration section */
		4BBE46031EBC473000276A8A /* Debug */ = {
			isa = XCBuildConfiguration;
			buildSettings = {
				ALWAYS_SEARCH_USER_PATHS = NO;
				CLANG_ANALYZER_NONNULL = YES;
				CLANG_ANALYZER_NUMBER_OBJECT_CONVERSION = YES_AGGRESSIVE;
				CLANG_CXX_LANGUAGE_STANDARD = "gnu++0x";
				CLANG_CXX_LIBRARY = "libc++";
				CLANG_ENABLE_MODULES = YES;
				CLANG_ENABLE_OBJC_ARC = YES;
				CLANG_LINK_OBJC_RUNTIME = NO;
				CLANG_WARN_BOOL_CONVERSION = YES;
				CLANG_WARN_CONSTANT_CONVERSION = YES;
				CLANG_WARN_DIRECT_OBJC_ISA_USAGE = YES_ERROR;
				CLANG_WARN_DOCUMENTATION_COMMENTS = YES;
				CLANG_WARN_EMPTY_BODY = YES;
				CLANG_WARN_ENUM_CONVERSION = YES;
				CLANG_WARN_INFINITE_RECURSION = YES;
				CLANG_WARN_INT_CONVERSION = YES;
				CLANG_WARN_OBJC_ROOT_CLASS = YES_ERROR;
				CLANG_WARN_SUSPICIOUS_MOVE = YES;
				CLANG_WARN_UNREACHABLE_CODE = YES;
				CLANG_WARN__DUPLICATE_METHOD_MATCH = YES;
				CODE_SIGN_IDENTITY = "-";
				COPY_PHASE_STRIP = NO;
				DEBUG_INFORMATION_FORMAT = dwarf;
				ENABLE_STRICT_OBJC_MSGSEND = YES;
				ENABLE_TESTABILITY = YES;
				GCC_C_LANGUAGE_STANDARD = gnu99;
				GCC_DYNAMIC_NO_PIC = NO;
				GCC_NO_COMMON_BLOCKS = YES;
				GCC_OPTIMIZATION_LEVEL = 0;
				GCC_PREPROCESSOR_DEFINITIONS = (
					"DEBUG=1",
					"$(inherited)",
				);
				GCC_WARN_64_TO_32_BIT_CONVERSION = YES;
				GCC_WARN_ABOUT_RETURN_TYPE = YES_ERROR;
				GCC_WARN_UNDECLARED_SELECTOR = YES;
				GCC_WARN_UNINITIALIZED_AUTOS = YES_AGGRESSIVE;
				GCC_WARN_UNUSED_FUNCTION = YES;
				GCC_WARN_UNUSED_VARIABLE = YES;
				MACOSX_DEPLOYMENT_TARGET = 10.12;
				MTL_ENABLE_DEBUG_INFO = YES;
				ONLY_ACTIVE_ARCH = YES;
				OTHER_CFLAGS = "";
				OTHER_LDFLAGS = "";
				SDKROOT = macosx;
			};
			name = Debug;
		};
		4BBE46041EBC473000276A8A /* Release */ = {
			isa = XCBuildConfiguration;
			buildSettings = {
				ALWAYS_SEARCH_USER_PATHS = NO;
				CLANG_ANALYZER_NONNULL = YES;
				CLANG_ANALYZER_NUMBER_OBJECT_CONVERSION = YES_AGGRESSIVE;
				CLANG_CXX_LANGUAGE_STANDARD = "gnu++0x";
				CLANG_CXX_LIBRARY = "libc++";
				CLANG_ENABLE_MODULES = YES;
				CLANG_ENABLE_OBJC_ARC = YES;
				CLANG_LINK_OBJC_RUNTIME = NO;
				CLANG_WARN_BOOL_CONVERSION = YES;
				CLANG_WARN_CONSTANT_CONVERSION = YES;
				CLANG_WARN_DIRECT_OBJC_ISA_USAGE = YES_ERROR;
				CLANG_WARN_DOCUMENTATION_COMMENTS = YES;
				CLANG_WARN_EMPTY_BODY = YES;
				CLANG_WARN_ENUM_CONVERSION = YES;
				CLANG_WARN_INFINITE_RECURSION = YES;
				CLANG_WARN_INT_CONVERSION = YES;
				CLANG_WARN_OBJC_ROOT_CLASS = YES_ERROR;
				CLANG_WARN_SUSPICIOUS_MOVE = YES;
				CLANG_WARN_UNREACHABLE_CODE = YES;
				CLANG_WARN__DUPLICATE_METHOD_MATCH = YES;
				CODE_SIGN_IDENTITY = "-";
				COPY_PHASE_STRIP = NO;
				DEBUG_INFORMATION_FORMAT = "dwarf-with-dsym";
				ENABLE_NS_ASSERTIONS = NO;
				ENABLE_STRICT_OBJC_MSGSEND = YES;
				GCC_C_LANGUAGE_STANDARD = gnu99;
				GCC_NO_COMMON_BLOCKS = YES;
				GCC_WARN_64_TO_32_BIT_CONVERSION = YES;
				GCC_WARN_ABOUT_RETURN_TYPE = YES_ERROR;
				GCC_WARN_UNDECLARED_SELECTOR = YES;
				GCC_WARN_UNINITIALIZED_AUTOS = YES_AGGRESSIVE;
				GCC_WARN_UNUSED_FUNCTION = YES;
				GCC_WARN_UNUSED_VARIABLE = YES;
				MACOSX_DEPLOYMENT_TARGET = 10.12;
				MTL_ENABLE_DEBUG_INFO = NO;
				OTHER_CFLAGS = "";
				OTHER_LDFLAGS = "";
				SDKROOT = macosx;
			};
			name = Release;
		};
		4BBE46061EBC473000276A8A /* Debug */ = {
			isa = XCBuildConfiguration;
			buildSettings = {
				ASSETCATALOG_COMPILER_APPICON_NAME = AppIcon;
				CLANG_ALLOW_NON_MODULAR_INCLUDES_IN_FRAMEWORK_MODULES = YES;
				CLANG_LINK_OBJC_RUNTIME = NO;
				COMBINE_HIDPI_IMAGES = YES;
				INFOPLIST_FILE = Rotophone/Info.plist;
				LD_RUNPATH_SEARCH_PATHS = "$(inherited) @executable_path/../Frameworks";
				LIBRARY_SEARCH_PATHS = "";
				MACOSX_DEPLOYMENT_TARGET = 10.6;
				OTHER_CFLAGS = "";
				OTHER_LDFLAGS = (
					"-Xlinker",
					"-U",
					"-Xlinker",
					_objc_readClassPair,
				);
				PRODUCT_BUNDLE_IDENTIFIER = com.SciSci.Rotophone;
				PRODUCT_NAME = "$(TARGET_NAME)";
				SDKROOT = macosx10.7;
			};
			name = Debug;
		};
		4BBE46071EBC473000276A8A /* Release */ = {
			isa = XCBuildConfiguration;
			buildSettings = {
				ASSETCATALOG_COMPILER_APPICON_NAME = AppIcon;
				CLANG_ALLOW_NON_MODULAR_INCLUDES_IN_FRAMEWORK_MODULES = YES;
				CLANG_LINK_OBJC_RUNTIME = NO;
				COMBINE_HIDPI_IMAGES = YES;
				INFOPLIST_FILE = Rotophone/Info.plist;
				LD_RUNPATH_SEARCH_PATHS = "$(inherited) @executable_path/../Frameworks";
				LIBRARY_SEARCH_PATHS = "";
				MACOSX_DEPLOYMENT_TARGET = 10.6;
				OTHER_CFLAGS = "";
				OTHER_LDFLAGS = (
					"-Xlinker",
					"-U",
					"-Xlinker",
					_objc_readClassPair,
				);
				PRODUCT_BUNDLE_IDENTIFIER = com.SciSci.Rotophone;
				PRODUCT_NAME = "$(TARGET_NAME)";
				SDKROOT = macosx10.7;
			};
			name = Release;
		};
/* End XCBuildConfiguration section */

/* Begin XCConfigurationList section */
		4BBE45E61EBC473000276A8A /* Build configuration list for PBXProject "Rotophone" */ = {
			isa = XCConfigurationList;
			buildConfigurations = (
				4BBE46031EBC473000276A8A /* Debug */,
				4BBE46041EBC473000276A8A /* Release */,
			);
			defaultConfigurationIsVisible = 0;
			defaultConfigurationName = Release;
		};
		4BBE46051EBC473000276A8A /* Build configuration list for PBXNativeTarget "Rotophone" */ = {
			isa = XCConfigurationList;
			buildConfigurations = (
				4BBE46061EBC473000276A8A /* Debug */,
				4BBE46071EBC473000276A8A /* Release */,
			);
			defaultConfigurationIsVisible = 0;
			defaultConfigurationName = Release;
		};
/* End XCConfigurationList section */

/* Begin XCVersionGroup section */
		4BBE45FA1EBC473000276A8A /* Document.xcdatamodeld */ = {
			isa = XCVersionGroup;
			children = (
				4BBE45FB1EBC473000276A8A /* Document.xcdatamodel */,
			);
			currentVersion = 4BBE45FB1EBC473000276A8A /* Document.xcdatamodel */;
			path = Document.xcdatamodeld;
			sourceTree = "<group>";
			versionGroupType = wrapper.xcdatamodel;
		};
/* End XCVersionGroup section */
	};
	rootObject = 4BBE45E31EBC473000276A8A /* Project object */;
}
